// !$*UTF8*$!
{
	archiveVersion = 1;
	classes = {
	};
	objectVersion = 48;
	objects = {

/* Begin PBXBuildFile section */
		68CE9A1E747552A07537520D /* Pods_Gleepads.framework in Frameworks */ = {isa = PBXBuildFile; fileRef = F17D0E846C551737A35A1D60 /* Pods_Gleepads.framework */; };
		F2129B40206A2DE800D6D276 /* firstpage.png in Resources */ = {isa = PBXBuildFile; fileRef = F2129B3F206A2DE800D6D276 /* firstpage.png */; };
		F2142B83205C064100B381E8 /* NewAccountVC.swift in Sources */ = {isa = PBXBuildFile; fileRef = F2142B82205C064100B381E8 /* NewAccountVC.swift */; };
		F2142B85205C1E1100B381E8 /* emailVC.swift in Sources */ = {isa = PBXBuildFile; fileRef = F2142B84205C1E1100B381E8 /* emailVC.swift */; };
		F21B9A40206B6AA700D2A783 /* TopCollectionViewCell.swift in Sources */ = {isa = PBXBuildFile; fileRef = F21B9A3E206B6AA700D2A783 /* TopCollectionViewCell.swift */; };
		F21B9A41206B6AA700D2A783 /* TopCollectionViewCell.xib in Resources */ = {isa = PBXBuildFile; fileRef = F21B9A3F206B6AA700D2A783 /* TopCollectionViewCell.xib */; };
		F21B9A43206B7CCB00D2A783 /* traveller.png in Resources */ = {isa = PBXBuildFile; fileRef = F21B9A42206B7CCA00D2A783 /* traveller.png */; };
		F21B9A47206B7DC400D2A783 /* TripVC.swift in Sources */ = {isa = PBXBuildFile; fileRef = F21B9A46206B7DC400D2A783 /* TripVC.swift */; };
		F226FB7A205A39B100F14CB0 /* Custom_Button.swift in Sources */ = {isa = PBXBuildFile; fileRef = F226FB79205A39B100F14CB0 /* Custom_Button.swift */; };
		F258154620692AA500045DCF /* forget.mp4 in Resources */ = {isa = PBXBuildFile; fileRef = F258154320692AA500045DCF /* forget.mp4 */; };
		F258154720692AA500045DCF /* login.mp4 in Resources */ = {isa = PBXBuildFile; fileRef = F258154420692AA500045DCF /* login.mp4 */; };
		F258154A20692D9800045DCF /* Gleepads_witout_BG.png in Resources */ = {isa = PBXBuildFile; fileRef = F258154920692D9800045DCF /* Gleepads_witout_BG.png */; };
		F2581551206953FB00045DCF /* NotifySettingLabelCell.swift in Sources */ = {isa = PBXBuildFile; fileRef = F258154F206953FB00045DCF /* NotifySettingLabelCell.swift */; };
		F2581552206953FB00045DCF /* NotifySettingLabelCell.xib in Resources */ = {isa = PBXBuildFile; fileRef = F2581550206953FB00045DCF /* NotifySettingLabelCell.xib */; };
		F25815552069542C00045DCF /* NotifySettingSwitchCell.swift in Sources */ = {isa = PBXBuildFile; fileRef = F25815532069542C00045DCF /* NotifySettingSwitchCell.swift */; };
		F25815562069542C00045DCF /* NotifySettingSwitchCell.xib in Resources */ = {isa = PBXBuildFile; fileRef = F25815542069542C00045DCF /* NotifySettingSwitchCell.xib */; };
		F26CFC40206A85DB00A9DD20 /* couple.mp4 in Resources */ = {isa = PBXBuildFile; fileRef = F26CFC3E206A85DB00A9DD20 /* couple.mp4 */; };
		F26CFC41206A883900A9DD20 /*  signup.mp4 in Resources */ = {isa = PBXBuildFile; fileRef = F258154520692AA500045DCF /*  signup.mp4 */; };
		F26CFC4B206AA88D00A9DD20 /* SearchBarTableViewController.swift in Sources */ = {isa = PBXBuildFile; fileRef = F26CFC4A206AA88D00A9DD20 /* SearchBarTableViewController.swift */; };
		F26CFC4D206AAAAE00A9DD20 /* Start.png in Resources */ = {isa = PBXBuildFile; fileRef = F26CFC4C206AAAAE00A9DD20 /* Start.png */; };
		F27B514C20652B0200599F82 /* ProfileVC.swift in Sources */ = {isa = PBXBuildFile; fileRef = F27B514B20652B0200599F82 /* ProfileVC.swift */; };
		F27B514E206585FF00599F82 /* intro.mp4 in Resources */ = {isa = PBXBuildFile; fileRef = F27B514D206585FF00599F82 /* intro.mp4 */; };
		F27B516D206595E700599F82 /* TopTableViewCell.swift in Sources */ = {isa = PBXBuildFile; fileRef = F27B516B206595E700599F82 /* TopTableViewCell.swift */; };
		F27B516E206595E700599F82 /* TopTableViewCell.xib in Resources */ = {isa = PBXBuildFile; fileRef = F27B516C206595E700599F82 /* TopTableViewCell.xib */; };
		F27B51712065960100599F82 /* MiddleTableViewCell.swift in Sources */ = {isa = PBXBuildFile; fileRef = F27B516F2065960100599F82 /* MiddleTableViewCell.swift */; };
		F27B51722065960100599F82 /* MiddleTableViewCell.xib in Resources */ = {isa = PBXBuildFile; fileRef = F27B51702065960100599F82 /* MiddleTableViewCell.xib */; };
		F27B51772065A68E00599F82 /* ButtonTableViewCell.swift in Sources */ = {isa = PBXBuildFile; fileRef = F27B51752065A68E00599F82 /* ButtonTableViewCell.swift */; };
		F27B51782065A68E00599F82 /* ButtonTableViewCell.xib in Resources */ = {isa = PBXBuildFile; fileRef = F27B51762065A68E00599F82 /* ButtonTableViewCell.xib */; };
		F28D908F205FE75A00AE2A5D /* SignInVC.swift in Sources */ = {isa = PBXBuildFile; fileRef = F28D908E205FE75A00AE2A5D /* SignInVC.swift */; };
		F28D9091205FECBA00AE2A5D /* ForgetVC.swift in Sources */ = {isa = PBXBuildFile; fileRef = F28D9090205FECBA00AE2A5D /* ForgetVC.swift */; };
		F28D9093205FF6F700AE2A5D /* Function.storyboard in Resources */ = {isa = PBXBuildFile; fileRef = F28D9092205FF6F700AE2A5D /* Function.storyboard */; };
		F28D90AF206016FB00AE2A5D /* Custom_View.swift in Sources */ = {isa = PBXBuildFile; fileRef = F28D90AE206016FB00AE2A5D /* Custom_View.swift */; };
		F28D90B32060183C00AE2A5D /* Custom_ImageView.swift in Sources */ = {isa = PBXBuildFile; fileRef = F28D90B22060183C00AE2A5D /* Custom_ImageView.swift */; };
		F29C057D2066417C00EC802F /* InviteTableViewCell.swift in Sources */ = {isa = PBXBuildFile; fileRef = F29C057B2066417C00EC802F /* InviteTableViewCell.swift */; };
		F29C057E2066417C00EC802F /* InviteTableViewCell.xib in Resources */ = {isa = PBXBuildFile; fileRef = F29C057C2066417C00EC802F /* InviteTableViewCell.xib */; };
		F29C0580206645B100EC802F /* NotificationVC.swift in Sources */ = {isa = PBXBuildFile; fileRef = F29C057F206645B100EC802F /* NotificationVC.swift */; };
		F29C0582206645D200EC802F /* InviteVC.swift in Sources */ = {isa = PBXBuildFile; fileRef = F29C0581206645D200EC802F /* InviteVC.swift */; };
		F29C0584206645FB00EC802F /* CrediitVC.swift in Sources */ = {isa = PBXBuildFile; fileRef = F29C0583206645FB00EC802F /* CrediitVC.swift */; };
		F29C0588206646FC00EC802F /* SettingVC.swift in Sources */ = {isa = PBXBuildFile; fileRef = F29C0587206646FC00EC802F /* SettingVC.swift */; };
		F29C058A2066471700EC802F /* HelpVC.swift in Sources */ = {isa = PBXBuildFile; fileRef = F29C05892066471700EC802F /* HelpVC.swift */; };
		F29C058C2066472B00EC802F /* HostVC.swift in Sources */ = {isa = PBXBuildFile; fileRef = F29C058B2066472B00EC802F /* HostVC.swift */; };
		F29C058E2066473F00EC802F /* FeedbackVC.swift in Sources */ = {isa = PBXBuildFile; fileRef = F29C058D2066473F00EC802F /* FeedbackVC.swift */; };
		F29C059E2066660D00EC802F /* HeadingCell.xib in Resources */ = {isa = PBXBuildFile; fileRef = F29C059C2066660D00EC802F /* HeadingCell.xib */; };
		F29C059F2066660D00EC802F /* HeadingCell.swift in Sources */ = {isa = PBXBuildFile; fileRef = F29C059D2066660D00EC802F /* HeadingCell.swift */; };
		F29C05A12066702500EC802F /* NotificationSettingVC.swift in Sources */ = {isa = PBXBuildFile; fileRef = F29C05A02066702500EC802F /* NotificationSettingVC.swift */; };
		F29C05A92066BC6600EC802F /* LaunchedVC.swift in Sources */ = {isa = PBXBuildFile; fileRef = F29C05A82066BC6600EC802F /* LaunchedVC.swift */; };
		F2EBBB9920597EA600DD03A9 /* AppDelegate.swift in Sources */ = {isa = PBXBuildFile; fileRef = F2EBBB9820597EA600DD03A9 /* AppDelegate.swift */; };
		F2EBBB9B20597EA600DD03A9 /* MainVC.swift in Sources */ = {isa = PBXBuildFile; fileRef = F2EBBB9A20597EA600DD03A9 /* MainVC.swift */; };
		F2EBBB9E20597EA600DD03A9 /* Main.storyboard in Resources */ = {isa = PBXBuildFile; fileRef = F2EBBB9C20597EA600DD03A9 /* Main.storyboard */; };
		F2EBBBA020597EA600DD03A9 /* Assets.xcassets in Resources */ = {isa = PBXBuildFile; fileRef = F2EBBB9F20597EA600DD03A9 /* Assets.xcassets */; };
		F2EBBBA320597EA600DD03A9 /* LaunchScreen.storyboard in Resources */ = {isa = PBXBuildFile; fileRef = F2EBBBA120597EA600DD03A9 /* LaunchScreen.storyboard */; };
		F2EF76A32068E89C00B378BB /* launched_screen.mp4 in Resources */ = {isa = PBXBuildFile; fileRef = F2EF76A02068E89C00B378BB /* launched_screen.mp4 */; };
		F2EF76A52068E89C00B378BB /* Social.mp4 in Resources */ = {isa = PBXBuildFile; fileRef = F2EF76A22068E89C00B378BB /* Social.mp4 */; };
		F2EF76D52068EAA100B378BB /* Saved.png in Resources */ = {isa = PBXBuildFile; fileRef = F2EF76C42068EAA000B378BB /* Saved.png */; };
		F2EF76D62068EAA100B378BB /* Profile.png in Resources */ = {isa = PBXBuildFile; fileRef = F2EF76C52068EAA100B378BB /* Profile.png */; };
		F2EF76D72068EAA100B378BB /* help.png in Resources */ = {isa = PBXBuildFile; fileRef = F2EF76C62068EAA100B378BB /* help.png */; };
		F2EF76D82068EAA100B378BB /* credit.png in Resources */ = {isa = PBXBuildFile; fileRef = F2EF76C72068EAA100B378BB /* credit.png */; };
		F2EF76D92068EAA100B378BB /* border_image.png in Resources */ = {isa = PBXBuildFile; fileRef = F2EF76C82068EAA100B378BB /* border_image.png */; };
		F2EF76DA2068EAA100B378BB /* gift.png in Resources */ = {isa = PBXBuildFile; fileRef = F2EF76C92068EAA100B378BB /* gift.png */; };
		F2EF76DB2068EAA100B378BB /* Explore.png in Resources */ = {isa = PBXBuildFile; fileRef = F2EF76CA2068EAA100B378BB /* Explore.png */; };
		F2EF76DC2068EAA100B378BB /* logo.png in Resources */ = {isa = PBXBuildFile; fileRef = F2EF76CB2068EAA100B378BB /* logo.png */; };
		F2EF76DD2068EAA100B378BB /* Inbox.png in Resources */ = {isa = PBXBuildFile; fileRef = F2EF76CC2068EAA100B378BB /* Inbox.png */; };
		F2EF76DE2068EAA100B378BB /* host.png in Resources */ = {isa = PBXBuildFile; fileRef = F2EF76CD2068EAA100B378BB /* host.png */; };
		F2EF76DF2068EAA100B378BB /* notify.png in Resources */ = {isa = PBXBuildFile; fileRef = F2EF76CE2068EAA100B378BB /* notify.png */; };
		F2EF76E02068EAA100B378BB /* right_pointer.png in Resources */ = {isa = PBXBuildFile; fileRef = F2EF76CF2068EAA100B378BB /* right_pointer.png */; };
		F2EF76E12068EAA100B378BB /* setting.png in Resources */ = {isa = PBXBuildFile; fileRef = F2EF76D02068EAA100B378BB /* setting.png */; };
		F2EF76E32068EAA100B378BB /* feedback.png in Resources */ = {isa = PBXBuildFile; fileRef = F2EF76D22068EAA100B378BB /* feedback.png */; };
		F2EF76E42068EAA100B378BB /* tom.jpg in Resources */ = {isa = PBXBuildFile; fileRef = F2EF76D32068EAA100B378BB /* tom.jpg */; };
		F2EF76E52068EAA100B378BB /* Gleepads.png in Resources */ = {isa = PBXBuildFile; fileRef = F2EF76D42068EAA100B378BB /* Gleepads.png */; };
		F2FD44DA206AB1AC00913885 /* e-mail.mp4 in Resources */ = {isa = PBXBuildFile; fileRef = F2FD44D9206AB1AC00913885 /* e-mail.mp4 */; };
/* End PBXBuildFile section */

/* Begin PBXFileReference section */
		58E84263B236808B7DA16B8B /* Pods-Gleepads.debug.xcconfig */ = {isa = PBXFileReference; includeInIndex = 1; lastKnownFileType = text.xcconfig; name = "Pods-Gleepads.debug.xcconfig"; path = "Pods/Target Support Files/Pods-Gleepads/Pods-Gleepads.debug.xcconfig"; sourceTree = "<group>"; };
		9ECA5A1A268A109A61342E33 /* Pods-Gleepads.release.xcconfig */ = {isa = PBXFileReference; includeInIndex = 1; lastKnownFileType = text.xcconfig; name = "Pods-Gleepads.release.xcconfig"; path = "Pods/Target Support Files/Pods-Gleepads/Pods-Gleepads.release.xcconfig"; sourceTree = "<group>"; };
		F17D0E846C551737A35A1D60 /* Pods_Gleepads.framework */ = {isa = PBXFileReference; explicitFileType = wrapper.framework; includeInIndex = 0; path = Pods_Gleepads.framework; sourceTree = BUILT_PRODUCTS_DIR; };
		F2129B3F206A2DE800D6D276 /* firstpage.png */ = {isa = PBXFileReference; lastKnownFileType = image.png; path = firstpage.png; sourceTree = "<group>"; };
		F2142B82205C064100B381E8 /* NewAccountVC.swift */ = {isa = PBXFileReference; lastKnownFileType = sourcecode.swift; path = NewAccountVC.swift; sourceTree = "<group>"; };
		F2142B84205C1E1100B381E8 /* emailVC.swift */ = {isa = PBXFileReference; lastKnownFileType = sourcecode.swift; path = emailVC.swift; sourceTree = "<group>"; };
		F21B9A3E206B6AA700D2A783 /* TopCollectionViewCell.swift */ = {isa = PBXFileReference; lastKnownFileType = sourcecode.swift; path = TopCollectionViewCell.swift; sourceTree = "<group>"; };
		F21B9A3F206B6AA700D2A783 /* TopCollectionViewCell.xib */ = {isa = PBXFileReference; lastKnownFileType = file.xib; path = TopCollectionViewCell.xib; sourceTree = "<group>"; };
		F21B9A42206B7CCA00D2A783 /* traveller.png */ = {isa = PBXFileReference; lastKnownFileType = image.png; name = traveller.png; path = "../../../../images & icon/icon/traveller.png"; sourceTree = "<group>"; };
		F21B9A46206B7DC400D2A783 /* TripVC.swift */ = {isa = PBXFileReference; lastKnownFileType = sourcecode.swift; path = TripVC.swift; sourceTree = "<group>"; };
		F226FB79205A39B100F14CB0 /* Custom_Button.swift */ = {isa = PBXFileReference; lastKnownFileType = sourcecode.swift; path = Custom_Button.swift; sourceTree = "<group>"; };
		F258154320692AA500045DCF /* forget.mp4 */ = {isa = PBXFileReference; lastKnownFileType = file; path = forget.mp4; sourceTree = "<group>"; };
		F258154420692AA500045DCF /* login.mp4 */ = {isa = PBXFileReference; lastKnownFileType = file; path = login.mp4; sourceTree = "<group>"; };
		F258154520692AA500045DCF /*  signup.mp4 */ = {isa = PBXFileReference; lastKnownFileType = file; path = " signup.mp4"; sourceTree = "<group>"; };
		F258154920692D9800045DCF /* Gleepads_witout_BG.png */ = {isa = PBXFileReference; lastKnownFileType = image.png; path = Gleepads_witout_BG.png; sourceTree = "<group>"; };
		F258154F206953FB00045DCF /* NotifySettingLabelCell.swift */ = {isa = PBXFileReference; lastKnownFileType = sourcecode.swift; path = NotifySettingLabelCell.swift; sourceTree = "<group>"; };
		F2581550206953FB00045DCF /* NotifySettingLabelCell.xib */ = {isa = PBXFileReference; lastKnownFileType = file.xib; path = NotifySettingLabelCell.xib; sourceTree = "<group>"; };
		F25815532069542C00045DCF /* NotifySettingSwitchCell.swift */ = {isa = PBXFileReference; lastKnownFileType = sourcecode.swift; path = NotifySettingSwitchCell.swift; sourceTree = "<group>"; };
		F25815542069542C00045DCF /* NotifySettingSwitchCell.xib */ = {isa = PBXFileReference; lastKnownFileType = file.xib; path = NotifySettingSwitchCell.xib; sourceTree = "<group>"; };
		F26CFC3E206A85DB00A9DD20 /* couple.mp4 */ = {isa = PBXFileReference; lastKnownFileType = file; path = couple.mp4; sourceTree = "<group>"; };
		F26CFC4A206AA88D00A9DD20 /* SearchBarTableViewController.swift */ = {isa = PBXFileReference; lastKnownFileType = sourcecode.swift; path = SearchBarTableViewController.swift; sourceTree = "<group>"; };
		F26CFC4C206AAAAE00A9DD20 /* Start.png */ = {isa = PBXFileReference; lastKnownFileType = image.png; name = Start.png; path = "../../../../images & icon/Start.png"; sourceTree = "<group>"; };
		F27B514B20652B0200599F82 /* ProfileVC.swift */ = {isa = PBXFileReference; lastKnownFileType = sourcecode.swift; path = ProfileVC.swift; sourceTree = "<group>"; };
		F27B514D206585FF00599F82 /* intro.mp4 */ = {isa = PBXFileReference; lastKnownFileType = file; path = intro.mp4; sourceTree = "<group>"; };
		F27B516B206595E700599F82 /* TopTableViewCell.swift */ = {isa = PBXFileReference; lastKnownFileType = sourcecode.swift; path = TopTableViewCell.swift; sourceTree = "<group>"; };
		F27B516C206595E700599F82 /* TopTableViewCell.xib */ = {isa = PBXFileReference; lastKnownFileType = file.xib; path = TopTableViewCell.xib; sourceTree = "<group>"; };
		F27B516F2065960100599F82 /* MiddleTableViewCell.swift */ = {isa = PBXFileReference; lastKnownFileType = sourcecode.swift; path = MiddleTableViewCell.swift; sourceTree = "<group>"; };
		F27B51702065960100599F82 /* MiddleTableViewCell.xib */ = {isa = PBXFileReference; lastKnownFileType = file.xib; path = MiddleTableViewCell.xib; sourceTree = "<group>"; };
		F27B51752065A68E00599F82 /* ButtonTableViewCell.swift */ = {isa = PBXFileReference; lastKnownFileType = sourcecode.swift; path = ButtonTableViewCell.swift; sourceTree = "<group>"; };
		F27B51762065A68E00599F82 /* ButtonTableViewCell.xib */ = {isa = PBXFileReference; lastKnownFileType = file.xib; path = ButtonTableViewCell.xib; sourceTree = "<group>"; };
		F28D908E205FE75A00AE2A5D /* SignInVC.swift */ = {isa = PBXFileReference; lastKnownFileType = sourcecode.swift; path = SignInVC.swift; sourceTree = "<group>"; };
		F28D9090205FECBA00AE2A5D /* ForgetVC.swift */ = {isa = PBXFileReference; lastKnownFileType = sourcecode.swift; path = ForgetVC.swift; sourceTree = "<group>"; };
		F28D9092205FF6F700AE2A5D /* Function.storyboard */ = {isa = PBXFileReference; lastKnownFileType = file.storyboard; path = Function.storyboard; sourceTree = "<group>"; };
		F28D90AE206016FB00AE2A5D /* Custom_View.swift */ = {isa = PBXFileReference; lastKnownFileType = sourcecode.swift; path = Custom_View.swift; sourceTree = "<group>"; };
		F28D90B22060183C00AE2A5D /* Custom_ImageView.swift */ = {isa = PBXFileReference; lastKnownFileType = sourcecode.swift; path = Custom_ImageView.swift; sourceTree = "<group>"; };
		F29C057B2066417C00EC802F /* InviteTableViewCell.swift */ = {isa = PBXFileReference; lastKnownFileType = sourcecode.swift; path = InviteTableViewCell.swift; sourceTree = "<group>"; };
		F29C057C2066417C00EC802F /* InviteTableViewCell.xib */ = {isa = PBXFileReference; lastKnownFileType = file.xib; path = InviteTableViewCell.xib; sourceTree = "<group>"; };
		F29C057F206645B100EC802F /* NotificationVC.swift */ = {isa = PBXFileReference; lastKnownFileType = sourcecode.swift; path = NotificationVC.swift; sourceTree = "<group>"; };
		F29C0581206645D200EC802F /* InviteVC.swift */ = {isa = PBXFileReference; lastKnownFileType = sourcecode.swift; path = InviteVC.swift; sourceTree = "<group>"; };
		F29C0583206645FB00EC802F /* CrediitVC.swift */ = {isa = PBXFileReference; lastKnownFileType = sourcecode.swift; path = CrediitVC.swift; sourceTree = "<group>"; };
		F29C0587206646FC00EC802F /* SettingVC.swift */ = {isa = PBXFileReference; lastKnownFileType = sourcecode.swift; path = SettingVC.swift; sourceTree = "<group>"; };
		F29C05892066471700EC802F /* HelpVC.swift */ = {isa = PBXFileReference; lastKnownFileType = sourcecode.swift; path = HelpVC.swift; sourceTree = "<group>"; };
		F29C058B2066472B00EC802F /* HostVC.swift */ = {isa = PBXFileReference; lastKnownFileType = sourcecode.swift; path = HostVC.swift; sourceTree = "<group>"; };
		F29C058D2066473F00EC802F /* FeedbackVC.swift */ = {isa = PBXFileReference; lastKnownFileType = sourcecode.swift; path = FeedbackVC.swift; sourceTree = "<group>"; };
		F29C059C2066660D00EC802F /* HeadingCell.xib */ = {isa = PBXFileReference; fileEncoding = 4; lastKnownFileType = file.xib; path = HeadingCell.xib; sourceTree = "<group>"; };
		F29C059D2066660D00EC802F /* HeadingCell.swift */ = {isa = PBXFileReference; fileEncoding = 4; lastKnownFileType = sourcecode.swift; path = HeadingCell.swift; sourceTree = "<group>"; };
		F29C05A02066702500EC802F /* NotificationSettingVC.swift */ = {isa = PBXFileReference; lastKnownFileType = sourcecode.swift; path = NotificationSettingVC.swift; sourceTree = "<group>"; };
		F29C05A82066BC6600EC802F /* LaunchedVC.swift */ = {isa = PBXFileReference; lastKnownFileType = sourcecode.swift; path = LaunchedVC.swift; sourceTree = "<group>"; };
		F2EBBB9520597EA600DD03A9 /* Gleepads.app */ = {isa = PBXFileReference; explicitFileType = wrapper.application; includeInIndex = 0; path = Gleepads.app; sourceTree = BUILT_PRODUCTS_DIR; };
		F2EBBB9820597EA600DD03A9 /* AppDelegate.swift */ = {isa = PBXFileReference; lastKnownFileType = sourcecode.swift; path = AppDelegate.swift; sourceTree = "<group>"; };
		F2EBBB9A20597EA600DD03A9 /* MainVC.swift */ = {isa = PBXFileReference; lastKnownFileType = sourcecode.swift; path = MainVC.swift; sourceTree = "<group>"; };
		F2EBBB9D20597EA600DD03A9 /* Base */ = {isa = PBXFileReference; lastKnownFileType = file.storyboard; name = Base; path = Base.lproj/Main.storyboard; sourceTree = "<group>"; };
		F2EBBB9F20597EA600DD03A9 /* Assets.xcassets */ = {isa = PBXFileReference; lastKnownFileType = folder.assetcatalog; path = Assets.xcassets; sourceTree = "<group>"; };
		F2EBBBA220597EA600DD03A9 /* Base */ = {isa = PBXFileReference; lastKnownFileType = file.storyboard; name = Base; path = Base.lproj/LaunchScreen.storyboard; sourceTree = "<group>"; };
		F2EBBBA420597EA600DD03A9 /* Info.plist */ = {isa = PBXFileReference; lastKnownFileType = text.plist.xml; path = Info.plist; sourceTree = "<group>"; };
		F2EF76A02068E89C00B378BB /* launched_screen.mp4 */ = {isa = PBXFileReference; lastKnownFileType = file; path = launched_screen.mp4; sourceTree = "<group>"; };
		F2EF76A22068E89C00B378BB /* Social.mp4 */ = {isa = PBXFileReference; lastKnownFileType = file; path = Social.mp4; sourceTree = "<group>"; };
		F2EF76C42068EAA000B378BB /* Saved.png */ = {isa = PBXFileReference; lastKnownFileType = image.png; path = Saved.png; sourceTree = "<group>"; };
		F2EF76C52068EAA100B378BB /* Profile.png */ = {isa = PBXFileReference; lastKnownFileType = image.png; path = Profile.png; sourceTree = "<group>"; };
		F2EF76C62068EAA100B378BB /* help.png */ = {isa = PBXFileReference; lastKnownFileType = image.png; path = help.png; sourceTree = "<group>"; };
		F2EF76C72068EAA100B378BB /* credit.png */ = {isa = PBXFileReference; lastKnownFileType = image.png; path = credit.png; sourceTree = "<group>"; };
		F2EF76C82068EAA100B378BB /* border_image.png */ = {isa = PBXFileReference; lastKnownFileType = image.png; path = border_image.png; sourceTree = "<group>"; };
		F2EF76C92068EAA100B378BB /* gift.png */ = {isa = PBXFileReference; lastKnownFileType = image.png; path = gift.png; sourceTree = "<group>"; };
		F2EF76CA2068EAA100B378BB /* Explore.png */ = {isa = PBXFileReference; lastKnownFileType = image.png; path = Explore.png; sourceTree = "<group>"; };
		F2EF76CB2068EAA100B378BB /* logo.png */ = {isa = PBXFileReference; lastKnownFileType = image.png; path = logo.png; sourceTree = "<group>"; };
		F2EF76CC2068EAA100B378BB /* Inbox.png */ = {isa = PBXFileReference; lastKnownFileType = image.png; path = Inbox.png; sourceTree = "<group>"; };
		F2EF76CD2068EAA100B378BB /* host.png */ = {isa = PBXFileReference; lastKnownFileType = image.png; path = host.png; sourceTree = "<group>"; };
		F2EF76CE2068EAA100B378BB /* notify.png */ = {isa = PBXFileReference; lastKnownFileType = image.png; path = notify.png; sourceTree = "<group>"; };
		F2EF76CF2068EAA100B378BB /* right_pointer.png */ = {isa = PBXFileReference; lastKnownFileType = image.png; path = right_pointer.png; sourceTree = "<group>"; };
		F2EF76D02068EAA100B378BB /* setting.png */ = {isa = PBXFileReference; lastKnownFileType = image.png; path = setting.png; sourceTree = "<group>"; };
		F2EF76D22068EAA100B378BB /* feedback.png */ = {isa = PBXFileReference; lastKnownFileType = image.png; path = feedback.png; sourceTree = "<group>"; };
		F2EF76D32068EAA100B378BB /* tom.jpg */ = {isa = PBXFileReference; lastKnownFileType = image.jpeg; path = tom.jpg; sourceTree = "<group>"; };
		F2EF76D42068EAA100B378BB /* Gleepads.png */ = {isa = PBXFileReference; lastKnownFileType = image.png; path = Gleepads.png; sourceTree = "<group>"; };
		F2FD44D9206AB1AC00913885 /* e-mail.mp4 */ = {isa = PBXFileReference; lastKnownFileType = file; path = "e-mail.mp4"; sourceTree = "<group>"; };
/* End PBXFileReference section */

/* Begin PBXFrameworksBuildPhase section */
		F2EBBB9220597EA600DD03A9 /* Frameworks */ = {
			isa = PBXFrameworksBuildPhase;
			buildActionMask = 2147483647;
			files = (
				68CE9A1E747552A07537520D /* Pods_Gleepads.framework in Frameworks */,
			);
			runOnlyForDeploymentPostprocessing = 0;
		};
/* End PBXFrameworksBuildPhase section */

/* Begin PBXGroup section */
		5EEA63DA8FC3FA8DB0232F52 /* Pods */ = {
			isa = PBXGroup;
			children = (
				58E84263B236808B7DA16B8B /* Pods-Gleepads.debug.xcconfig */,
				9ECA5A1A268A109A61342E33 /* Pods-Gleepads.release.xcconfig */,
			);
			name = Pods;
			sourceTree = "<group>";
		};
		AC0354B86B5093739110D026 /* Frameworks */ = {
			isa = PBXGroup;
			children = (
				F17D0E846C551737A35A1D60 /* Pods_Gleepads.framework */,
			);
			name = Frameworks;
			sourceTree = "<group>";
		};
		F21B9A44206B7D9600D2A783 /* Profile */ = {
			isa = PBXGroup;
			children = (
				F27B514B20652B0200599F82 /* ProfileVC.swift */,
				F29C057F206645B100EC802F /* NotificationVC.swift */,
				F29C0581206645D200EC802F /* InviteVC.swift */,
				F29C0583206645FB00EC802F /* CrediitVC.swift */,
				F29C0587206646FC00EC802F /* SettingVC.swift */,
				F29C05892066471700EC802F /* HelpVC.swift */,
				F29C058B2066472B00EC802F /* HostVC.swift */,
				F29C058D2066473F00EC802F /* FeedbackVC.swift */,
				F29C05A02066702500EC802F /* NotificationSettingVC.swift */,
			);
			path = Profile;
			sourceTree = "<group>";
		};
		F21B9A45206B7DA200D2A783 /* Trip */ = {
			isa = PBXGroup;
			children = (
				F21B9A46206B7DC400D2A783 /* TripVC.swift */,
			);
			path = Trip;
			sourceTree = "<group>";
		};
		F226FB75205A395400F14CB0 /* Model */ = {
			isa = PBXGroup;
			children = (
			);
			path = Model;
			sourceTree = "<group>";
		};
		F226FB76205A395F00F14CB0 /* Controller */ = {
			isa = PBXGroup;
			children = (
				F29C05852066468800EC802F /* Main Storyboard */,
				F29C0586206646AA00EC802F /* Function Storyboard */,
			);
			path = Controller;
			sourceTree = "<group>";
		};
		F226FB77205A396D00F14CB0 /* View */ = {
			isa = PBXGroup;
			children = (
				F29C059B20665B0300EC802F /* XIB file */,
				F2EBBB9C20597EA600DD03A9 /* Main.storyboard */,
				F28D9092205FF6F700AE2A5D /* Function.storyboard */,
			);
			path = View;
			sourceTree = "<group>";
		};
		F226FB78205A397E00F14CB0 /* Customize */ = {
			isa = PBXGroup;
			children = (
				F226FB79205A39B100F14CB0 /* Custom_Button.swift */,
				F28D90AE206016FB00AE2A5D /* Custom_View.swift */,
				F28D90B22060183C00AE2A5D /* Custom_ImageView.swift */,
			);
			path = Customize;
			sourceTree = "<group>";
		};
		F26B34EE205B89D50082FAFD /* Image */ = {
			isa = PBXGroup;
			children = (
				F2129B3F206A2DE800D6D276 /* firstpage.png */,
				F2EF76C82068EAA100B378BB /* border_image.png */,
				F2EF76C72068EAA100B378BB /* credit.png */,
				F2EF76CA2068EAA100B378BB /* Explore.png */,
				F2EF76D22068EAA100B378BB /* feedback.png */,
				F258154920692D9800045DCF /* Gleepads_witout_BG.png */,
				F21B9A42206B7CCA00D2A783 /* traveller.png */,
				F2EF76C92068EAA100B378BB /* gift.png */,
				F2EF76D42068EAA100B378BB /* Gleepads.png */,
				F2EF76C62068EAA100B378BB /* help.png */,
				F2EF76CD2068EAA100B378BB /* host.png */,
				F2EF76CC2068EAA100B378BB /* Inbox.png */,
				F2EF76CB2068EAA100B378BB /* logo.png */,
				F2EF76CE2068EAA100B378BB /* notify.png */,
				F26CFC4C206AAAAE00A9DD20 /* Start.png */,
				F2EF76C52068EAA100B378BB /* Profile.png */,
				F2EF76CF2068EAA100B378BB /* right_pointer.png */,
				F2EF76C42068EAA000B378BB /* Saved.png */,
				F2EF76D02068EAA100B378BB /* setting.png */,
				F2EF76D32068EAA100B378BB /* tom.jpg */,
			);
			path = Image;
			sourceTree = "<group>";
		};
		F29C05852066468800EC802F /* Main Storyboard */ = {
			isa = PBXGroup;
			children = (
				F29C05A82066BC6600EC802F /* LaunchedVC.swift */,
				F2EBBB9A20597EA600DD03A9 /* MainVC.swift */,
				F2142B82205C064100B381E8 /* NewAccountVC.swift */,
				F2142B84205C1E1100B381E8 /* emailVC.swift */,
				F28D908E205FE75A00AE2A5D /* SignInVC.swift */,
				F28D9090205FECBA00AE2A5D /* ForgetVC.swift */,
			);
			path = "Main Storyboard";
			sourceTree = "<group>";
		};
		F29C0586206646AA00EC802F /* Function Storyboard */ = {
			isa = PBXGroup;
			children = (
				F29C0595206658EA00EC802F /* Table Cell */,
				F29C0596206658FE00EC802F /* VC */,
			);
			path = "Function Storyboard";
			sourceTree = "<group>";
		};
		F29C0595206658EA00EC802F /* Table Cell */ = {
			isa = PBXGroup;
			children = (
				F27B516B206595E700599F82 /* TopTableViewCell.swift */,
				F27B516F2065960100599F82 /* MiddleTableViewCell.swift */,
				F27B51752065A68E00599F82 /* ButtonTableViewCell.swift */,
				F29C057B2066417C00EC802F /* InviteTableViewCell.swift */,
				F258154F206953FB00045DCF /* NotifySettingLabelCell.swift */,
				F25815532069542C00045DCF /* NotifySettingSwitchCell.swift */,
				F29C059D2066660D00EC802F /* HeadingCell.swift */,
			);
			path = "Table Cell";
			sourceTree = "<group>";
		};
		F29C0596206658FE00EC802F /* VC */ = {
			isa = PBXGroup;
			children = (
				F21B9A45206B7DA200D2A783 /* Trip */,
				F21B9A44206B7D9600D2A783 /* Profile */,
				F26CFC4A206AA88D00A9DD20 /* SearchBarTableViewController.swift */,
			);
			path = VC;
			sourceTree = "<group>";
		};
		F29C059B20665B0300EC802F /* XIB file */ = {
			isa = PBXGroup;
			children = (
				F27B516C206595E700599F82 /* TopTableViewCell.xib */,
				F27B51702065960100599F82 /* MiddleTableViewCell.xib */,
				F27B51762065A68E00599F82 /* ButtonTableViewCell.xib */,
				F29C057C2066417C00EC802F /* InviteTableViewCell.xib */,
				F2581550206953FB00045DCF /* NotifySettingLabelCell.xib */,
				F25815542069542C00045DCF /* NotifySettingSwitchCell.xib */,
				F29C059C2066660D00EC802F /* HeadingCell.xib */,
			);
			path = "XIB file";
			sourceTree = "<group>";
		};
		F2EBBB8C20597EA600DD03A9 = {
			isa = PBXGroup;
			children = (
				F2EBBB9720597EA600DD03A9 /* Gleepads */,
				F2EBBB9620597EA600DD03A9 /* Products */,
				5EEA63DA8FC3FA8DB0232F52 /* Pods */,
				AC0354B86B5093739110D026 /* Frameworks */,
			);
			sourceTree = "<group>";
		};
		F2EBBB9620597EA600DD03A9 /* Products */ = {
			isa = PBXGroup;
			children = (
				F2EBBB9520597EA600DD03A9 /* Gleepads.app */,
			);
			name = Products;
			sourceTree = "<group>";
		};
		F2EBBB9720597EA600DD03A9 /* Gleepads */ = {
			isa = PBXGroup;
			children = (
				F2F7AAC02061656D00348BAD /* video */,
				F26B34EE205B89D50082FAFD /* Image */,
				F226FB78205A397E00F14CB0 /* Customize */,
				F226FB77205A396D00F14CB0 /* View */,
				F226FB76205A395F00F14CB0 /* Controller */,
				F226FB75205A395400F14CB0 /* Model */,
				F2EBBB9820597EA600DD03A9 /* AppDelegate.swift */,
				F2EBBB9F20597EA600DD03A9 /* Assets.xcassets */,
				F2EBBBA120597EA600DD03A9 /* LaunchScreen.storyboard */,
				F2EBBBA420597EA600DD03A9 /* Info.plist */,
				F21B9A3E206B6AA700D2A783 /* TopCollectionViewCell.swift */,
				F21B9A3F206B6AA700D2A783 /* TopCollectionViewCell.xib */,
			);
			path = Gleepads;
			sourceTree = "<group>";
		};
		F2F7AAC02061656D00348BAD /* video */ = {
			isa = PBXGroup;
			children = (
				F26CFC3E206A85DB00A9DD20 /* couple.mp4 */,
				F258154520692AA500045DCF /*  signup.mp4 */,
				F2FD44D9206AB1AC00913885 /* e-mail.mp4 */,
				F258154320692AA500045DCF /* forget.mp4 */,
				F258154420692AA500045DCF /* login.mp4 */,
				F2EF76A02068E89C00B378BB /* launched_screen.mp4 */,
				F2EF76A22068E89C00B378BB /* Social.mp4 */,
				F27B514D206585FF00599F82 /* intro.mp4 */,
			);
			path = video;
			sourceTree = "<group>";
		};
/* End PBXGroup section */

/* Begin PBXNativeTarget section */
		F2EBBB9420597EA600DD03A9 /* Gleepads */ = {
			isa = PBXNativeTarget;
			buildConfigurationList = F2EBBBA720597EA600DD03A9 /* Build configuration list for PBXNativeTarget "Gleepads" */;
			buildPhases = (
				DC2F9C85DA9EBA1215B5EFC7 /* [CP] Check Pods Manifest.lock */,
				F2EBBB9120597EA600DD03A9 /* Sources */,
				F2EBBB9220597EA600DD03A9 /* Frameworks */,
				F2EBBB9320597EA600DD03A9 /* Resources */,
				5DA77CBB514CB3255AC60D98 /* [CP] Embed Pods Frameworks */,
				5C300C7670C19C4AC7991CE8 /* [CP] Copy Pods Resources */,
			);
			buildRules = (
			);
			dependencies = (
			);
			name = Gleepads;
			productName = Gleepads;
			productReference = F2EBBB9520597EA600DD03A9 /* Gleepads.app */;
			productType = "com.apple.product-type.application";
		};
/* End PBXNativeTarget section */

/* Begin PBXProject section */
		F2EBBB8D20597EA600DD03A9 /* Project object */ = {
			isa = PBXProject;
			attributes = {
				LastSwiftUpdateCheck = 0920;
				LastUpgradeCheck = 0920;
				ORGANIZATIONNAME = "Syed ShahRukh Haider";
				TargetAttributes = {
					F2EBBB9420597EA600DD03A9 = {
						CreatedOnToolsVersion = 9.2;
						ProvisioningStyle = Automatic;
					};
				};
			};
			buildConfigurationList = F2EBBB9020597EA600DD03A9 /* Build configuration list for PBXProject "Gleepads" */;
			compatibilityVersion = "Xcode 8.0";
			developmentRegion = en;
			hasScannedForEncodings = 0;
			knownRegions = (
				en,
				Base,
			);
			mainGroup = F2EBBB8C20597EA600DD03A9;
			productRefGroup = F2EBBB9620597EA600DD03A9 /* Products */;
			projectDirPath = "";
			projectRoot = "";
			targets = (
				F2EBBB9420597EA600DD03A9 /* Gleepads */,
			);
		};
/* End PBXProject section */

/* Begin PBXResourcesBuildPhase section */
		F2EBBB9320597EA600DD03A9 /* Resources */ = {
			isa = PBXResourcesBuildPhase;
			buildActionMask = 2147483647;
			files = (
				F26CFC41206A883900A9DD20 /*  signup.mp4 in Resources */,
				F21B9A43206B7CCB00D2A783 /* traveller.png in Resources */,
				F27B51782065A68E00599F82 /* ButtonTableViewCell.xib in Resources */,
				F26CFC40206A85DB00A9DD20 /* couple.mp4 in Resources */,
				F2EF76E12068EAA100B378BB /* setting.png in Resources */,
				F27B51722065960100599F82 /* MiddleTableViewCell.xib in Resources */,
				F2EF76E42068EAA100B378BB /* tom.jpg in Resources */,
				F2EF76A52068E89C00B378BB /* Social.mp4 in Resources */,
				F2EF76D72068EAA100B378BB /* help.png in Resources */,
				F2EF76D62068EAA100B378BB /* Profile.png in Resources */,
				F2581552206953FB00045DCF /* NotifySettingLabelCell.xib in Resources */,
				F27B514E206585FF00599F82 /* intro.mp4 in Resources */,
				F2EF76E32068EAA100B378BB /* feedback.png in Resources */,
				F2EF76D82068EAA100B378BB /* credit.png in Resources */,
				F2EF76D52068EAA100B378BB /* Saved.png in Resources */,
				F29C059E2066660D00EC802F /* HeadingCell.xib in Resources */,
				F25815562069542C00045DCF /* NotifySettingSwitchCell.xib in Resources */,
				F258154A20692D9800045DCF /* Gleepads_witout_BG.png in Resources */,
				F2EBBBA320597EA600DD03A9 /* LaunchScreen.storyboard in Resources */,
				F21B9A41206B6AA700D2A783 /* TopCollectionViewCell.xib in Resources */,
				F2EF76DC2068EAA100B378BB /* logo.png in Resources */,
				F2EF76A32068E89C00B378BB /* launched_screen.mp4 in Resources */,
				F2EF76DA2068EAA100B378BB /* gift.png in Resources */,
				F2EF76DD2068EAA100B378BB /* Inbox.png in Resources */,
				F2EF76DB2068EAA100B378BB /* Explore.png in Resources */,
				F29C057E2066417C00EC802F /* InviteTableViewCell.xib in Resources */,
				F2EF76E02068EAA100B378BB /* right_pointer.png in Resources */,
				F2EBBBA020597EA600DD03A9 /* Assets.xcassets in Resources */,
				F2129B40206A2DE800D6D276 /* firstpage.png in Resources */,
				F26CFC4D206AAAAE00A9DD20 /* Start.png in Resources */,
				F2EF76DE2068EAA100B378BB /* host.png in Resources */,
				F28D9093205FF6F700AE2A5D /* Function.storyboard in Resources */,
				F2FD44DA206AB1AC00913885 /* e-mail.mp4 in Resources */,
				F2EF76D92068EAA100B378BB /* border_image.png in Resources */,
				F258154720692AA500045DCF /* login.mp4 in Resources */,
				F2EF76E52068EAA100B378BB /* Gleepads.png in Resources */,
				F27B516E206595E700599F82 /* TopTableViewCell.xib in Resources */,
				F2EF76DF2068EAA100B378BB /* notify.png in Resources */,
				F258154620692AA500045DCF /* forget.mp4 in Resources */,
				F2EBBB9E20597EA600DD03A9 /* Main.storyboard in Resources */,
			);
			runOnlyForDeploymentPostprocessing = 0;
		};
/* End PBXResourcesBuildPhase section */

/* Begin PBXShellScriptBuildPhase section */
		5C300C7670C19C4AC7991CE8 /* [CP] Copy Pods Resources */ = {
			isa = PBXShellScriptBuildPhase;
			buildActionMask = 2147483647;
			files = (
			);
			inputPaths = (
			);
			name = "[CP] Copy Pods Resources";
			outputPaths = (
			);
			runOnlyForDeploymentPostprocessing = 0;
			shellPath = /bin/sh;
			shellScript = "\"${SRCROOT}/Pods/Target Support Files/Pods-Gleepads/Pods-Gleepads-resources.sh\"\n";
			showEnvVarsInLog = 0;
		};
		5DA77CBB514CB3255AC60D98 /* [CP] Embed Pods Frameworks */ = {
			isa = PBXShellScriptBuildPhase;
			buildActionMask = 2147483647;
			files = (
			);
			inputPaths = (
				"${SRCROOT}/Pods/Target Support Files/Pods-Gleepads/Pods-Gleepads-frameworks.sh",
				"${BUILT_PRODUCTS_DIR}/BubbleTransition/BubbleTransition.framework",
				"${BUILT_PRODUCTS_DIR}/SwiftVideoBackground/SwiftVideoBackground.framework",
			);
			name = "[CP] Embed Pods Frameworks";
			outputPaths = (
				"${TARGET_BUILD_DIR}/${FRAMEWORKS_FOLDER_PATH}/BubbleTransition.framework",
				"${TARGET_BUILD_DIR}/${FRAMEWORKS_FOLDER_PATH}/SwiftVideoBackground.framework",
			);
			runOnlyForDeploymentPostprocessing = 0;
			shellPath = /bin/sh;
			shellScript = "\"${SRCROOT}/Pods/Target Support Files/Pods-Gleepads/Pods-Gleepads-frameworks.sh\"\n";
			showEnvVarsInLog = 0;
		};
		DC2F9C85DA9EBA1215B5EFC7 /* [CP] Check Pods Manifest.lock */ = {
			isa = PBXShellScriptBuildPhase;
			buildActionMask = 2147483647;
			files = (
			);
			inputPaths = (
				"${PODS_PODFILE_DIR_PATH}/Podfile.lock",
				"${PODS_ROOT}/Manifest.lock",
			);
			name = "[CP] Check Pods Manifest.lock";
			outputPaths = (
				"$(DERIVED_FILE_DIR)/Pods-Gleepads-checkManifestLockResult.txt",
			);
			runOnlyForDeploymentPostprocessing = 0;
			shellPath = /bin/sh;
			shellScript = "diff \"${PODS_PODFILE_DIR_PATH}/Podfile.lock\" \"${PODS_ROOT}/Manifest.lock\" > /dev/null\nif [ $? != 0 ] ; then\n    # print error to STDERR\n    echo \"error: The sandbox is not in sync with the Podfile.lock. Run 'pod install' or update your CocoaPods installation.\" >&2\n    exit 1\nfi\n# This output is used by Xcode 'outputs' to avoid re-running this script phase.\necho \"SUCCESS\" > \"${SCRIPT_OUTPUT_FILE_0}\"\n";
			showEnvVarsInLog = 0;
		};
/* End PBXShellScriptBuildPhase section */

/* Begin PBXSourcesBuildPhase section */
		F2EBBB9120597EA600DD03A9 /* Sources */ = {
			isa = PBXSourcesBuildPhase;
			buildActionMask = 2147483647;
			files = (
				F29C0580206645B100EC802F /* NotificationVC.swift in Sources */,
				F29C058E2066473F00EC802F /* FeedbackVC.swift in Sources */,
				F29C058A2066471700EC802F /* HelpVC.swift in Sources */,
				F21B9A47206B7DC400D2A783 /* TripVC.swift in Sources */,
				F29C058C2066472B00EC802F /* HostVC.swift in Sources */,
				F29C0582206645D200EC802F /* InviteVC.swift in Sources */,
				F27B514C20652B0200599F82 /* ProfileVC.swift in Sources */,
				F28D90AF206016FB00AE2A5D /* Custom_View.swift in Sources */,
				F2EBBB9B20597EA600DD03A9 /* MainVC.swift in Sources */,
				F25815552069542C00045DCF /* NotifySettingSwitchCell.swift in Sources */,
				F29C059F2066660D00EC802F /* HeadingCell.swift in Sources */,
				F226FB7A205A39B100F14CB0 /* Custom_Button.swift in Sources */,
				F29C0588206646FC00EC802F /* SettingVC.swift in Sources */,
				F28D9091205FECBA00AE2A5D /* ForgetVC.swift in Sources */,
				F29C05A12066702500EC802F /* NotificationSettingVC.swift in Sources */,
				F27B51772065A68E00599F82 /* ButtonTableViewCell.swift in Sources */,
				F28D908F205FE75A00AE2A5D /* SignInVC.swift in Sources */,
				F28D90B32060183C00AE2A5D /* Custom_ImageView.swift in Sources */,
				F29C05A92066BC6600EC802F /* LaunchedVC.swift in Sources */,
				F2142B85205C1E1100B381E8 /* emailVC.swift in Sources */,
				F2EBBB9920597EA600DD03A9 /* AppDelegate.swift in Sources */,
				F29C0584206645FB00EC802F /* CrediitVC.swift in Sources */,
				F27B51712065960100599F82 /* MiddleTableViewCell.swift in Sources */,
				F2142B83205C064100B381E8 /* NewAccountVC.swift in Sources */,
				F29C057D2066417C00EC802F /* InviteTableViewCell.swift in Sources */,
				F26CFC4B206AA88D00A9DD20 /* SearchBarTableViewController.swift in Sources */,
				F2581551206953FB00045DCF /* NotifySettingLabelCell.swift in Sources */,
				F27B516D206595E700599F82 /* TopTableViewCell.swift in Sources */,
				F21B9A40206B6AA700D2A783 /* TopCollectionViewCell.swift in Sources */,
			);
			runOnlyForDeploymentPostprocessing = 0;
		};
/* End PBXSourcesBuildPhase section */

/* Begin PBXVariantGroup section */
		F2EBBB9C20597EA600DD03A9 /* Main.storyboard */ = {
			isa = PBXVariantGroup;
			children = (
				F2EBBB9D20597EA600DD03A9 /* Base */,
			);
			name = Main.storyboard;
			sourceTree = "<group>";
		};
		F2EBBBA120597EA600DD03A9 /* LaunchScreen.storyboard */ = {
			isa = PBXVariantGroup;
			children = (
				F2EBBBA220597EA600DD03A9 /* Base */,
			);
			name = LaunchScreen.storyboard;
			sourceTree = "<group>";
		};
/* End PBXVariantGroup section */

/* Begin XCBuildConfiguration section */
		F2EBBBA520597EA600DD03A9 /* Debug */ = {
			isa = XCBuildConfiguration;
			buildSettings = {
				ALWAYS_SEARCH_USER_PATHS = NO;
				CLANG_ANALYZER_NONNULL = YES;
				CLANG_ANALYZER_NUMBER_OBJECT_CONVERSION = YES_AGGRESSIVE;
				CLANG_CXX_LANGUAGE_STANDARD = "gnu++14";
				CLANG_CXX_LIBRARY = "libc++";
				CLANG_ENABLE_MODULES = YES;
				CLANG_ENABLE_OBJC_ARC = YES;
				CLANG_WARN_BLOCK_CAPTURE_AUTORELEASING = YES;
				CLANG_WARN_BOOL_CONVERSION = YES;
				CLANG_WARN_COMMA = YES;
				CLANG_WARN_CONSTANT_CONVERSION = YES;
				CLANG_WARN_DIRECT_OBJC_ISA_USAGE = YES_ERROR;
				CLANG_WARN_DOCUMENTATION_COMMENTS = YES;
				CLANG_WARN_EMPTY_BODY = YES;
				CLANG_WARN_ENUM_CONVERSION = YES;
				CLANG_WARN_INFINITE_RECURSION = YES;
				CLANG_WARN_INT_CONVERSION = YES;
				CLANG_WARN_NON_LITERAL_NULL_CONVERSION = YES;
				CLANG_WARN_OBJC_LITERAL_CONVERSION = YES;
				CLANG_WARN_OBJC_ROOT_CLASS = YES_ERROR;
				CLANG_WARN_RANGE_LOOP_ANALYSIS = YES;
				CLANG_WARN_STRICT_PROTOTYPES = YES;
				CLANG_WARN_SUSPICIOUS_MOVE = YES;
				CLANG_WARN_UNGUARDED_AVAILABILITY = YES_AGGRESSIVE;
				CLANG_WARN_UNREACHABLE_CODE = YES;
				CLANG_WARN__DUPLICATE_METHOD_MATCH = YES;
				CODE_SIGN_IDENTITY = "iPhone Developer";
				COPY_PHASE_STRIP = NO;
				DEBUG_INFORMATION_FORMAT = dwarf;
				ENABLE_STRICT_OBJC_MSGSEND = YES;
				ENABLE_TESTABILITY = YES;
				GCC_C_LANGUAGE_STANDARD = gnu11;
				GCC_DYNAMIC_NO_PIC = NO;
				GCC_NO_COMMON_BLOCKS = YES;
				GCC_OPTIMIZATION_LEVEL = 0;
				GCC_PREPROCESSOR_DEFINITIONS = (
					"DEBUG=1",
					"$(inherited)",
				);
				GCC_WARN_64_TO_32_BIT_CONVERSION = YES;
				GCC_WARN_ABOUT_RETURN_TYPE = YES_ERROR;
				GCC_WARN_UNDECLARED_SELECTOR = YES;
				GCC_WARN_UNINITIALIZED_AUTOS = YES_AGGRESSIVE;
				GCC_WARN_UNUSED_FUNCTION = YES;
				GCC_WARN_UNUSED_VARIABLE = YES;
				IPHONEOS_DEPLOYMENT_TARGET = 11.2;
				MTL_ENABLE_DEBUG_INFO = YES;
				ONLY_ACTIVE_ARCH = YES;
				SDKROOT = iphoneos;
				SWIFT_ACTIVE_COMPILATION_CONDITIONS = DEBUG;
				SWIFT_OPTIMIZATION_LEVEL = "-Onone";
			};
			name = Debug;
		};
		F2EBBBA620597EA600DD03A9 /* Release */ = {
			isa = XCBuildConfiguration;
			buildSettings = {
				ALWAYS_SEARCH_USER_PATHS = NO;
				CLANG_ANALYZER_NONNULL = YES;
				CLANG_ANALYZER_NUMBER_OBJECT_CONVERSION = YES_AGGRESSIVE;
				CLANG_CXX_LANGUAGE_STANDARD = "gnu++14";
				CLANG_CXX_LIBRARY = "libc++";
				CLANG_ENABLE_MODULES = YES;
				CLANG_ENABLE_OBJC_ARC = YES;
				CLANG_WARN_BLOCK_CAPTURE_AUTORELEASING = YES;
				CLANG_WARN_BOOL_CONVERSION = YES;
				CLANG_WARN_COMMA = YES;
				CLANG_WARN_CONSTANT_CONVERSION = YES;
				CLANG_WARN_DIRECT_OBJC_ISA_USAGE = YES_ERROR;
				CLANG_WARN_DOCUMENTATION_COMMENTS = YES;
				CLANG_WARN_EMPTY_BODY = YES;
				CLANG_WARN_ENUM_CONVERSION = YES;
				CLANG_WARN_INFINITE_RECURSION = YES;
				CLANG_WARN_INT_CONVERSION = YES;
				CLANG_WARN_NON_LITERAL_NULL_CONVERSION = YES;
				CLANG_WARN_OBJC_LITERAL_CONVERSION = YES;
				CLANG_WARN_OBJC_ROOT_CLASS = YES_ERROR;
				CLANG_WARN_RANGE_LOOP_ANALYSIS = YES;
				CLANG_WARN_STRICT_PROTOTYPES = YES;
				CLANG_WARN_SUSPICIOUS_MOVE = YES;
				CLANG_WARN_UNGUARDED_AVAILABILITY = YES_AGGRESSIVE;
				CLANG_WARN_UNREACHABLE_CODE = YES;
				CLANG_WARN__DUPLICATE_METHOD_MATCH = YES;
				CODE_SIGN_IDENTITY = "iPhone Developer";
				COPY_PHASE_STRIP = NO;
				DEBUG_INFORMATION_FORMAT = "dwarf-with-dsym";
				ENABLE_NS_ASSERTIONS = NO;
				ENABLE_STRICT_OBJC_MSGSEND = YES;
				GCC_C_LANGUAGE_STANDARD = gnu11;
				GCC_NO_COMMON_BLOCKS = YES;
				GCC_WARN_64_TO_32_BIT_CONVERSION = YES;
				GCC_WARN_ABOUT_RETURN_TYPE = YES_ERROR;
				GCC_WARN_UNDECLARED_SELECTOR = YES;
				GCC_WARN_UNINITIALIZED_AUTOS = YES_AGGRESSIVE;
				GCC_WARN_UNUSED_FUNCTION = YES;
				GCC_WARN_UNUSED_VARIABLE = YES;
				IPHONEOS_DEPLOYMENT_TARGET = 11.2;
				MTL_ENABLE_DEBUG_INFO = NO;
				SDKROOT = iphoneos;
				SWIFT_OPTIMIZATION_LEVEL = "-Owholemodule";
				VALIDATE_PRODUCT = YES;
			};
			name = Release;
		};
		F2EBBBA820597EA600DD03A9 /* Debug */ = {
			isa = XCBuildConfiguration;
			baseConfigurationReference = 58E84263B236808B7DA16B8B /* Pods-Gleepads.debug.xcconfig */;
			buildSettings = {
				ASSETCATALOG_COMPILER_APPICON_NAME = AppIcon;
				CODE_SIGN_STYLE = Automatic;
				DEVELOPMENT_TEAM = SUBZ24DP5B;
				INFOPLIST_FILE = Gleepads/Info.plist;
				LD_RUNPATH_SEARCH_PATHS = "$(inherited) @executable_path/Frameworks";
				PRODUCT_BUNDLE_IDENTIFIER = com.perception.Gleepads;
				PRODUCT_NAME = "$(TARGET_NAME)";
				SWIFT_VERSION = 4.0;
				TARGETED_DEVICE_FAMILY = "1,2";
			};
			name = Debug;
		};
		F2EBBBA920597EA600DD03A9 /* Release */ = {
			isa = XCBuildConfiguration;
			baseConfigurationReference = 9ECA5A1A268A109A61342E33 /* Pods-Gleepads.release.xcconfig */;
			buildSettings = {
				ASSETCATALOG_COMPILER_APPICON_NAME = AppIcon;
				CODE_SIGN_STYLE = Automatic;
				DEVELOPMENT_TEAM = SUBZ24DP5B;
				INFOPLIST_FILE = Gleepads/Info.plist;
				LD_RUNPATH_SEARCH_PATHS = "$(inherited) @executable_path/Frameworks";
				PRODUCT_BUNDLE_IDENTIFIER = com.perception.Gleepads;
				PRODUCT_NAME = "$(TARGET_NAME)";
				SWIFT_VERSION = 4.0;
				TARGETED_DEVICE_FAMILY = "1,2";
			};
			name = Release;
		};
/* End XCBuildConfiguration section */

/* Begin XCConfigurationList section */
		F2EBBB9020597EA600DD03A9 /* Build configuration list for PBXProject "Gleepads" */ = {
			isa = XCConfigurationList;
			buildConfigurations = (
				F2EBBBA520597EA600DD03A9 /* Debug */,
				F2EBBBA620597EA600DD03A9 /* Release */,
			);
			defaultConfigurationIsVisible = 0;
			defaultConfigurationName = Release;
		};
		F2EBBBA720597EA600DD03A9 /* Build configuration list for PBXNativeTarget "Gleepads" */ = {
			isa = XCConfigurationList;
			buildConfigurations = (
				F2EBBBA820597EA600DD03A9 /* Debug */,
				F2EBBBA920597EA600DD03A9 /* Release */,
			);
			defaultConfigurationIsVisible = 0;
			defaultConfigurationName = Release;
		};
/* End XCConfigurationList section */
	};
	rootObject = F2EBBB8D20597EA600DD03A9 /* Project object */;
}
