// !$*UTF8*$!
{
	archiveVersion = 1;
	classes = {
	};
	objectVersion = 48;
	objects = {

/* Begin PBXBuildFile section */
		68CE9A1E747552A07537520D /* Pods_Gleepads.framework in Frameworks */ = {isa = PBXBuildFile; fileRef = F17D0E846C551737A35A1D60 /* Pods_Gleepads.framework */; };
		F2015762207524140053F02F /* facebook_button.png in Resources */ = {isa = PBXBuildFile; fileRef = F2015760207524130053F02F /* facebook_button.png */; };
		F2015763207524140053F02F /* google_button.png in Resources */ = {isa = PBXBuildFile; fileRef = F2015761207524130053F02F /* google_button.png */; };
		F201576520752ECB0053F02F /* CalenderVC.swift in Sources */ = {isa = PBXBuildFile; fileRef = F201576420752ECB0053F02F /* CalenderVC.swift */; };
		F2066BD520767C8100FB0621 /* archived.png in Resources */ = {isa = PBXBuildFile; fileRef = F2066BD420767C8000FB0621 /* archived.png */; };
		F2066BD720767CF300FB0621 /* search_small.png in Resources */ = {isa = PBXBuildFile; fileRef = F2066BD620767CF300FB0621 /* search_small.png */; };
		F2066BDB2076854600FB0621 /* Explore.png in Resources */ = {isa = PBXBuildFile; fileRef = F2066BDA2076854500FB0621 /* Explore.png */; };
		F2066BDF2076869600FB0621 /* Inbox.png in Resources */ = {isa = PBXBuildFile; fileRef = F2066BDC2076869500FB0621 /* Inbox.png */; };
		F2066BE12076869600FB0621 /* Heart.png in Resources */ = {isa = PBXBuildFile; fileRef = F2066BDE2076869600FB0621 /* Heart.png */; };
		F2129B40206A2DE800D6D276 /* firstpage.png in Resources */ = {isa = PBXBuildFile; fileRef = F2129B3F206A2DE800D6D276 /* firstpage.png */; };
		F2142B83205C064100B381E8 /* NewAccountVC.swift in Sources */ = {isa = PBXBuildFile; fileRef = F2142B82205C064100B381E8 /* NewAccountVC.swift */; };
		F2142B85205C1E1100B381E8 /* emailVC.swift in Sources */ = {isa = PBXBuildFile; fileRef = F2142B84205C1E1100B381E8 /* emailVC.swift */; };
		F21B9A43206B7CCB00D2A783 /* traveller.png in Resources */ = {isa = PBXBuildFile; fileRef = F21B9A42206B7CCA00D2A783 /* traveller.png */; };
		F21B9A47206B7DC400D2A783 /* TripVC.swift in Sources */ = {isa = PBXBuildFile; fileRef = F21B9A46206B7DC400D2A783 /* TripVC.swift */; };
		F2203850207DCA2700C7CA4F /* Similar_CollectionCell.swift in Sources */ = {isa = PBXBuildFile; fileRef = F220384E207DCA2700C7CA4F /* Similar_CollectionCell.swift */; };
		F226FB7A205A39B100F14CB0 /* Custom_Button.swift in Sources */ = {isa = PBXBuildFile; fileRef = F226FB79205A39B100F14CB0 /* Custom_Button.swift */; };
		F22991B320989786007D6A5B /* AmentiesVC.swift in Sources */ = {isa = PBXBuildFile; fileRef = F22991B220989786007D6A5B /* AmentiesVC.swift */; };
		F2330EE7206DF4FD00D328AA /* TypeOne_TableCell.swift in Sources */ = {isa = PBXBuildFile; fileRef = F2330EE5206DF4FD00D328AA /* TypeOne_TableCell.swift */; };
		F2330EE8206DF4FD00D328AA /* TypeOne_TableCell.xib in Resources */ = {isa = PBXBuildFile; fileRef = F2330EE6206DF4FD00D328AA /* TypeOne_TableCell.xib */; };
		F2330EEB206DF53600D328AA /* TypeOne_CollectionViewCell.swift in Sources */ = {isa = PBXBuildFile; fileRef = F2330EE9206DF53600D328AA /* TypeOne_CollectionViewCell.swift */; };
		F2330EEC206DF53600D328AA /* TypeOne_CollectionViewCell.xib in Resources */ = {isa = PBXBuildFile; fileRef = F2330EEA206DF53600D328AA /* TypeOne_CollectionViewCell.xib */; };
		F2330EEE206DF9C200D328AA /* hyper.jpg in Resources */ = {isa = PBXBuildFile; fileRef = F2330EED206DF9C200D328AA /* hyper.jpg */; };
		F2330EF1206DFF6E00D328AA /* TypeTwo_CollectionViewCell.swift in Sources */ = {isa = PBXBuildFile; fileRef = F2330EEF206DFF6E00D328AA /* TypeTwo_CollectionViewCell.swift */; };
		F2330EF2206DFF6E00D328AA /* TypeTwo_CollectionViewCell.xib in Resources */ = {isa = PBXBuildFile; fileRef = F2330EF0206DFF6E00D328AA /* TypeTwo_CollectionViewCell.xib */; };
		F2330EF5206DFF8700D328AA /* TypeThree_CollectionViewCell.swift in Sources */ = {isa = PBXBuildFile; fileRef = F2330EF3206DFF8700D328AA /* TypeThree_CollectionViewCell.swift */; };
		F2330EF6206DFF8700D328AA /* TypeThree_CollectionViewCell.xib in Resources */ = {isa = PBXBuildFile; fileRef = F2330EF4206DFF8700D328AA /* TypeThree_CollectionViewCell.xib */; };
		F2330EF9206DFFAB00D328AA /* TypeTwo_TableCell.swift in Sources */ = {isa = PBXBuildFile; fileRef = F2330EF7206DFFAB00D328AA /* TypeTwo_TableCell.swift */; };
		F2330EFA206DFFAB00D328AA /* TypeTwo_TableCell.xib in Resources */ = {isa = PBXBuildFile; fileRef = F2330EF8206DFFAB00D328AA /* TypeTwo_TableCell.xib */; };
		F2330EFD206DFFBE00D328AA /* TypeThree_TableCell.swift in Sources */ = {isa = PBXBuildFile; fileRef = F2330EFB206DFFBE00D328AA /* TypeThree_TableCell.swift */; };
		F2330EFE206DFFBE00D328AA /* TypeThree_TableCell.xib in Resources */ = {isa = PBXBuildFile; fileRef = F2330EFC206DFFBE00D328AA /* TypeThree_TableCell.xib */; };
		F2330F01206E0FC200D328AA /* golden_star.png in Resources */ = {isa = PBXBuildFile; fileRef = F2330EFF206E0FC200D328AA /* golden_star.png */; };
		F2330F02206E0FC200D328AA /* black_star.png in Resources */ = {isa = PBXBuildFile; fileRef = F2330F00206E0FC200D328AA /* black_star.png */; };
		F2351801209A072F00DCDCCA /* checkbox.png in Resources */ = {isa = PBXBuildFile; fileRef = F2351800209A072E00DCDCCA /* checkbox.png */; };
		F2351803209A07F600DCDCCA /* checkboxCell.swift in Sources */ = {isa = PBXBuildFile; fileRef = F2351802209A07F600DCDCCA /* checkboxCell.swift */; };
		F2351805209A08BF00DCDCCA /* uncheckbox.png in Resources */ = {isa = PBXBuildFile; fileRef = F2351804209A08BF00DCDCCA /* uncheckbox.png */; };
		F235ACA12073B1FF00CD20E6 /* SearchBar.xib in Resources */ = {isa = PBXBuildFile; fileRef = F235ACA02073B1FF00CD20E6 /* SearchBar.xib */; };
		F235ACA32073B3A200CD20E6 /* search.png in Resources */ = {isa = PBXBuildFile; fileRef = F235ACA22073B3A200CD20E6 /* search.png */; };
		F235ACA52073B51B00CD20E6 /* SearchBar.swift in Sources */ = {isa = PBXBuildFile; fileRef = F235ACA42073B51B00CD20E6 /* SearchBar.swift */; };
		F235ACA72073D9A100CD20E6 /* SearchBarVC.swift in Sources */ = {isa = PBXBuildFile; fileRef = F235ACA62073D9A100CD20E6 /* SearchBarVC.swift */; };
		F244C804207BA379000316FE /* PropertyTableVC.swift in Sources */ = {isa = PBXBuildFile; fileRef = F244C803207BA379000316FE /* PropertyTableVC.swift */; };
		F244C808207BC039000316FE /* television.png in Resources */ = {isa = PBXBuildFile; fileRef = F244C805207BC039000316FE /* television.png */; };
		F244C809207BC039000316FE /* wifi.png in Resources */ = {isa = PBXBuildFile; fileRef = F244C806207BC039000316FE /* wifi.png */; };
		F244C80A207BC039000316FE /* dine.png in Resources */ = {isa = PBXBuildFile; fileRef = F244C807207BC039000316FE /* dine.png */; };
		F244C80C207BC114000316FE /* pool.png in Resources */ = {isa = PBXBuildFile; fileRef = F244C80B207BC114000316FE /* pool.png */; };
		F244C80E207BC5FD000316FE /* PropertyBottomView.xib in Resources */ = {isa = PBXBuildFile; fileRef = F244C80D207BC5FD000316FE /* PropertyBottomView.xib */; };
		F244C810207BC616000316FE /* PropertyBottomView.swift in Sources */ = {isa = PBXBuildFile; fileRef = F244C80F207BC616000316FE /* PropertyBottomView.swift */; };
		F247B1B22091D6AE00FFF478 /* SearchResultVC.swift in Sources */ = {isa = PBXBuildFile; fileRef = F247B1B12091D6AE00FFF478 /* SearchResultVC.swift */; };
		F2532281208E0A8100AB75E0 /* GoogleService-Info.plist in Resources */ = {isa = PBXBuildFile; fileRef = F2532280208E0A8100AB75E0 /* GoogleService-Info.plist */; };
		F258154620692AA500045DCF /* forget.mp4 in Resources */ = {isa = PBXBuildFile; fileRef = F258154320692AA500045DCF /* forget.mp4 */; };
		F258154720692AA500045DCF /* login.mp4 in Resources */ = {isa = PBXBuildFile; fileRef = F258154420692AA500045DCF /* login.mp4 */; };
		F258154A20692D9800045DCF /* Gleepads_witout_BG.png in Resources */ = {isa = PBXBuildFile; fileRef = F258154920692D9800045DCF /* Gleepads_witout_BG.png */; };
		F2581551206953FB00045DCF /* NotifySettingLabelCell.swift in Sources */ = {isa = PBXBuildFile; fileRef = F258154F206953FB00045DCF /* NotifySettingLabelCell.swift */; };
		F2581552206953FB00045DCF /* NotifySettingLabelCell.xib in Resources */ = {isa = PBXBuildFile; fileRef = F2581550206953FB00045DCF /* NotifySettingLabelCell.xib */; };
		F25815552069542C00045DCF /* NotifySettingSwitchCell.swift in Sources */ = {isa = PBXBuildFile; fileRef = F25815532069542C00045DCF /* NotifySettingSwitchCell.swift */; };
		F25815562069542C00045DCF /* NotifySettingSwitchCell.xib in Resources */ = {isa = PBXBuildFile; fileRef = F25815542069542C00045DCF /* NotifySettingSwitchCell.xib */; };
		F25B56B92094C1B10023406D /* Step1VC.swift in Sources */ = {isa = PBXBuildFile; fileRef = F25B56B82094C1B10023406D /* Step1VC.swift */; };
		F25B56BB2094C1C70023406D /* Step2VC.swift in Sources */ = {isa = PBXBuildFile; fileRef = F25B56BA2094C1C70023406D /* Step2VC.swift */; };
		F25B56BD2094C1FD0023406D /* Step3VC.swift in Sources */ = {isa = PBXBuildFile; fileRef = F25B56BC2094C1FD0023406D /* Step3VC.swift */; };
		F25B56BF2094C3200023406D /* host.mp4 in Resources */ = {isa = PBXBuildFile; fileRef = F25B56BE2094C3200023406D /* host.mp4 */; };
		F25B56C12094C33C0023406D /* guest.mp4 in Resources */ = {isa = PBXBuildFile; fileRef = F25B56C02094C33B0023406D /* guest.mp4 */; };
		F2648484206E76B2008271BE /* BebasNeue-Regular.otf in Resources */ = {isa = PBXBuildFile; fileRef = F2648482206E76B2008271BE /* BebasNeue-Regular.otf */; };
		F2648485206E76B2008271BE /* BebasNeue-Regular.ttf in Resources */ = {isa = PBXBuildFile; fileRef = F2648483206E76B2008271BE /* BebasNeue-Regular.ttf */; };
		F2648488206E94F9008271BE /* karachi.jpg in Resources */ = {isa = PBXBuildFile; fileRef = F2648486206E94F9008271BE /* karachi.jpg */; };
		F2648489206E94F9008271BE /* dxb.jpg in Resources */ = {isa = PBXBuildFile; fileRef = F2648487206E94F9008271BE /* dxb.jpg */; };
		F26CFC40206A85DB00A9DD20 /* couple.mp4 in Resources */ = {isa = PBXBuildFile; fileRef = F26CFC3E206A85DB00A9DD20 /* couple.mp4 */; };
		F26CFC41206A883900A9DD20 /*  signup.mp4 in Resources */ = {isa = PBXBuildFile; fileRef = F258154520692AA500045DCF /*  signup.mp4 */; };
		F26CFC4B206AA88D00A9DD20 /* SearchBarTableViewController.swift in Sources */ = {isa = PBXBuildFile; fileRef = F26CFC4A206AA88D00A9DD20 /* SearchBarTableViewController.swift */; };
		F26CFC4D206AAAAE00A9DD20 /* Start.png in Resources */ = {isa = PBXBuildFile; fileRef = F26CFC4C206AAAAE00A9DD20 /* Start.png */; };
		F27B514C20652B0200599F82 /* ProfileVC.swift in Sources */ = {isa = PBXBuildFile; fileRef = F27B514B20652B0200599F82 /* ProfileVC.swift */; };
		F27B514E206585FF00599F82 /* intro.mp4 in Resources */ = {isa = PBXBuildFile; fileRef = F27B514D206585FF00599F82 /* intro.mp4 */; };
		F27B516D206595E700599F82 /* TopTableViewCell.swift in Sources */ = {isa = PBXBuildFile; fileRef = F27B516B206595E700599F82 /* TopTableViewCell.swift */; };
		F27B516E206595E700599F82 /* TopTableViewCell.xib in Resources */ = {isa = PBXBuildFile; fileRef = F27B516C206595E700599F82 /* TopTableViewCell.xib */; };
		F27B51712065960100599F82 /* MiddleTableViewCell.swift in Sources */ = {isa = PBXBuildFile; fileRef = F27B516F2065960100599F82 /* MiddleTableViewCell.swift */; };
		F27B51722065960100599F82 /* MiddleTableViewCell.xib in Resources */ = {isa = PBXBuildFile; fileRef = F27B51702065960100599F82 /* MiddleTableViewCell.xib */; };
		F27B51772065A68E00599F82 /* ButtonTableViewCell.swift in Sources */ = {isa = PBXBuildFile; fileRef = F27B51752065A68E00599F82 /* ButtonTableViewCell.swift */; };
		F27B51782065A68E00599F82 /* ButtonTableViewCell.xib in Resources */ = {isa = PBXBuildFile; fileRef = F27B51762065A68E00599F82 /* ButtonTableViewCell.xib */; };
		F28D908F205FE75A00AE2A5D /* SignInVC.swift in Sources */ = {isa = PBXBuildFile; fileRef = F28D908E205FE75A00AE2A5D /* SignInVC.swift */; };
		F28D9091205FECBA00AE2A5D /* ForgetVC.swift in Sources */ = {isa = PBXBuildFile; fileRef = F28D9090205FECBA00AE2A5D /* ForgetVC.swift */; };
		F28D9093205FF6F700AE2A5D /* Function.storyboard in Resources */ = {isa = PBXBuildFile; fileRef = F28D9092205FF6F700AE2A5D /* Function.storyboard */; };
		F28D90AF206016FB00AE2A5D /* Custom_View.swift in Sources */ = {isa = PBXBuildFile; fileRef = F28D90AE206016FB00AE2A5D /* Custom_View.swift */; };
		F28D90B32060183C00AE2A5D /* Custom_ImageView.swift in Sources */ = {isa = PBXBuildFile; fileRef = F28D90B22060183C00AE2A5D /* Custom_ImageView.swift */; };
		F2942FA9207DF96600B49BC9 /* SendMessageVC.swift in Sources */ = {isa = PBXBuildFile; fileRef = F2942FA8207DF96600B49BC9 /* SendMessageVC.swift */; };
		F296C30320999176006AD38D /* ImageCollectionCell.swift in Sources */ = {isa = PBXBuildFile; fileRef = F296C30220999176006AD38D /* ImageCollectionCell.swift */; };
		F296C30520999B34006AD38D /* add_image.png in Resources */ = {isa = PBXBuildFile; fileRef = F296C30420999B33006AD38D /* add_image.png */; };
		F298C37A20763B1D006E9F09 /* GuestVC.swift in Sources */ = {isa = PBXBuildFile; fileRef = F298C37920763B1D006E9F09 /* GuestVC.swift */; };
		F29C057D2066417C00EC802F /* InviteTableViewCell.swift in Sources */ = {isa = PBXBuildFile; fileRef = F29C057B2066417C00EC802F /* InviteTableViewCell.swift */; };
		F29C057E2066417C00EC802F /* InviteTableViewCell.xib in Resources */ = {isa = PBXBuildFile; fileRef = F29C057C2066417C00EC802F /* InviteTableViewCell.xib */; };
		F29C0580206645B100EC802F /* NotificationVC.swift in Sources */ = {isa = PBXBuildFile; fileRef = F29C057F206645B100EC802F /* NotificationVC.swift */; };
		F29C0582206645D200EC802F /* InviteVC.swift in Sources */ = {isa = PBXBuildFile; fileRef = F29C0581206645D200EC802F /* InviteVC.swift */; };
		F29C0584206645FB00EC802F /* CrediitVC.swift in Sources */ = {isa = PBXBuildFile; fileRef = F29C0583206645FB00EC802F /* CrediitVC.swift */; };
		F29C0588206646FC00EC802F /* SettingVC.swift in Sources */ = {isa = PBXBuildFile; fileRef = F29C0587206646FC00EC802F /* SettingVC.swift */; };
		F29C058A2066471700EC802F /* HelpVC.swift in Sources */ = {isa = PBXBuildFile; fileRef = F29C05892066471700EC802F /* HelpVC.swift */; };
		F29C058C2066472B00EC802F /* HostVC.swift in Sources */ = {isa = PBXBuildFile; fileRef = F29C058B2066472B00EC802F /* HostVC.swift */; };
		F29C058E2066473F00EC802F /* FeedbackVC.swift in Sources */ = {isa = PBXBuildFile; fileRef = F29C058D2066473F00EC802F /* FeedbackVC.swift */; };
		F29C059E2066660D00EC802F /* HeadingCell.xib in Resources */ = {isa = PBXBuildFile; fileRef = F29C059C2066660D00EC802F /* HeadingCell.xib */; };
		F29C059F2066660D00EC802F /* HeadingCell.swift in Sources */ = {isa = PBXBuildFile; fileRef = F29C059D2066660D00EC802F /* HeadingCell.swift */; };
		F29C05A12066702500EC802F /* NotificationSettingVC.swift in Sources */ = {isa = PBXBuildFile; fileRef = F29C05A02066702500EC802F /* NotificationSettingVC.swift */; };
		F29C05A92066BC6600EC802F /* LaunchedVC.swift in Sources */ = {isa = PBXBuildFile; fileRef = F29C05A82066BC6600EC802F /* LaunchedVC.swift */; };
		F2A97F98209B742900312B66 /* logo.png in Resources */ = {isa = PBXBuildFile; fileRef = F2A97F97209B742900312B66 /* logo.png */; };
		F2A97F9C209B792500312B66 /* marker.png in Resources */ = {isa = PBXBuildFile; fileRef = F2A97F9B209B792500312B66 /* marker.png */; };
		F2C1024D206D1D5F00B4DA6B /* testVC.swift in Sources */ = {isa = PBXBuildFile; fileRef = F2C1024C206D1D5F00B4DA6B /* testVC.swift */; };
		F2C1024F206D236F00B4DA6B /* ExploreVC.swift in Sources */ = {isa = PBXBuildFile; fileRef = F2C1024E206D236F00B4DA6B /* ExploreVC.swift */; };
		F2C10251206D260B00B4DA6B /* SavedVC.swift in Sources */ = {isa = PBXBuildFile; fileRef = F2C10250206D260B00B4DA6B /* SavedVC.swift */; };
		F2C10253206D262500B4DA6B /* InboxVC.swift in Sources */ = {isa = PBXBuildFile; fileRef = F2C10252206D262500B4DA6B /* InboxVC.swift */; };
		F2C10257206D2C5A00B4DA6B /* google.png in Resources */ = {isa = PBXBuildFile; fileRef = F2C10256206D2C5900B4DA6B /* google.png */; };
		F2C10259206D2EF200B4DA6B /* facebook.png in Resources */ = {isa = PBXBuildFile; fileRef = F2C10258206D2EF100B4DA6B /* facebook.png */; };
		F2DE9CF32077AFC700920040 /* Profile.png in Resources */ = {isa = PBXBuildFile; fileRef = F2DE9CF22077AFC700920040 /* Profile.png */; };
		F2DE9CFD2077B15600920040 /* Share.png in Resources */ = {isa = PBXBuildFile; fileRef = F2DE9CFC2077B15600920040 /* Share.png */; };
		F2DE9D002077C01D00920040 /* ZGCarousel.swift in Sources */ = {isa = PBXBuildFile; fileRef = F2DE9CFF2077C01D00920040 /* ZGCarousel.swift */; };
		F2DE9D022077C05E00920040 /* ImageScrollVC.swift in Sources */ = {isa = PBXBuildFile; fileRef = F2DE9D012077C05E00920040 /* ImageScrollVC.swift */; };
		F2DE9D062077C84300920040 /* imageScrollCell.swift in Sources */ = {isa = PBXBuildFile; fileRef = F2DE9D052077C84300920040 /* imageScrollCell.swift */; };
		F2EB47A0207E7AD700084652 /* CheckOutVC.swift in Sources */ = {isa = PBXBuildFile; fileRef = F2EB479F207E7AD700084652 /* CheckOutVC.swift */; };
		F2EBBB9920597EA600DD03A9 /* AppDelegate.swift in Sources */ = {isa = PBXBuildFile; fileRef = F2EBBB9820597EA600DD03A9 /* AppDelegate.swift */; };
		F2EBBB9B20597EA600DD03A9 /* MainVC.swift in Sources */ = {isa = PBXBuildFile; fileRef = F2EBBB9A20597EA600DD03A9 /* MainVC.swift */; };
		F2EBBB9E20597EA600DD03A9 /* Main.storyboard in Resources */ = {isa = PBXBuildFile; fileRef = F2EBBB9C20597EA600DD03A9 /* Main.storyboard */; };
		F2EBBBA020597EA600DD03A9 /* Assets.xcassets in Resources */ = {isa = PBXBuildFile; fileRef = F2EBBB9F20597EA600DD03A9 /* Assets.xcassets */; };
		F2EBBBA320597EA600DD03A9 /* LaunchScreen.storyboard in Resources */ = {isa = PBXBuildFile; fileRef = F2EBBBA120597EA600DD03A9 /* LaunchScreen.storyboard */; };
		F2EF76A32068E89C00B378BB /* launched_screen.mp4 in Resources */ = {isa = PBXBuildFile; fileRef = F2EF76A02068E89C00B378BB /* launched_screen.mp4 */; };
		F2EF76A52068E89C00B378BB /* Social.mp4 in Resources */ = {isa = PBXBuildFile; fileRef = F2EF76A22068E89C00B378BB /* Social.mp4 */; };
		F2EF76D72068EAA100B378BB /* help.png in Resources */ = {isa = PBXBuildFile; fileRef = F2EF76C62068EAA100B378BB /* help.png */; };
		F2EF76D82068EAA100B378BB /* credit.png in Resources */ = {isa = PBXBuildFile; fileRef = F2EF76C72068EAA100B378BB /* credit.png */; };
		F2EF76D92068EAA100B378BB /* border_image.png in Resources */ = {isa = PBXBuildFile; fileRef = F2EF76C82068EAA100B378BB /* border_image.png */; };
		F2EF76DA2068EAA100B378BB /* gift.png in Resources */ = {isa = PBXBuildFile; fileRef = F2EF76C92068EAA100B378BB /* gift.png */; };
		F2EF76DE2068EAA100B378BB /* host.png in Resources */ = {isa = PBXBuildFile; fileRef = F2EF76CD2068EAA100B378BB /* host.png */; };
		F2EF76DF2068EAA100B378BB /* notify.png in Resources */ = {isa = PBXBuildFile; fileRef = F2EF76CE2068EAA100B378BB /* notify.png */; };
		F2EF76E02068EAA100B378BB /* right_pointer.png in Resources */ = {isa = PBXBuildFile; fileRef = F2EF76CF2068EAA100B378BB /* right_pointer.png */; };
		F2EF76E12068EAA100B378BB /* setting.png in Resources */ = {isa = PBXBuildFile; fileRef = F2EF76D02068EAA100B378BB /* setting.png */; };
		F2EF76E32068EAA100B378BB /* feedback.png in Resources */ = {isa = PBXBuildFile; fileRef = F2EF76D22068EAA100B378BB /* feedback.png */; };
		F2EF76E42068EAA100B378BB /* tom.jpg in Resources */ = {isa = PBXBuildFile; fileRef = F2EF76D32068EAA100B378BB /* tom.jpg */; };
		F2EF76E52068EAA100B378BB /* Gleepads.png in Resources */ = {isa = PBXBuildFile; fileRef = F2EF76D42068EAA100B378BB /* Gleepads.png */; };
		F2FD44DA206AB1AC00913885 /* e-mail.mp4 in Resources */ = {isa = PBXBuildFile; fileRef = F2FD44D9206AB1AC00913885 /* e-mail.mp4 */; };
/* End PBXBuildFile section */

/* Begin PBXFileReference section */
		58E84263B236808B7DA16B8B /* Pods-Gleepads.debug.xcconfig */ = {isa = PBXFileReference; includeInIndex = 1; lastKnownFileType = text.xcconfig; name = "Pods-Gleepads.debug.xcconfig"; path = "Pods/Target Support Files/Pods-Gleepads/Pods-Gleepads.debug.xcconfig"; sourceTree = "<group>"; };
		9ECA5A1A268A109A61342E33 /* Pods-Gleepads.release.xcconfig */ = {isa = PBXFileReference; includeInIndex = 1; lastKnownFileType = text.xcconfig; name = "Pods-Gleepads.release.xcconfig"; path = "Pods/Target Support Files/Pods-Gleepads/Pods-Gleepads.release.xcconfig"; sourceTree = "<group>"; };
		F17D0E846C551737A35A1D60 /* Pods_Gleepads.framework */ = {isa = PBXFileReference; explicitFileType = wrapper.framework; includeInIndex = 0; path = Pods_Gleepads.framework; sourceTree = BUILT_PRODUCTS_DIR; };
		F2015760207524130053F02F /* facebook_button.png */ = {isa = PBXFileReference; lastKnownFileType = image.png; path = facebook_button.png; sourceTree = "<group>"; };
		F2015761207524130053F02F /* google_button.png */ = {isa = PBXFileReference; lastKnownFileType = image.png; path = google_button.png; sourceTree = "<group>"; };
		F201576420752ECB0053F02F /* CalenderVC.swift */ = {isa = PBXFileReference; lastKnownFileType = sourcecode.swift; path = CalenderVC.swift; sourceTree = "<group>"; };
		F2066BD420767C8000FB0621 /* archived.png */ = {isa = PBXFileReference; lastKnownFileType = image.png; path = archived.png; sourceTree = "<group>"; };
		F2066BD620767CF300FB0621 /* search_small.png */ = {isa = PBXFileReference; lastKnownFileType = image.png; path = search_small.png; sourceTree = "<group>"; };
		F2066BDA2076854500FB0621 /* Explore.png */ = {isa = PBXFileReference; lastKnownFileType = image.png; path = Explore.png; sourceTree = "<group>"; };
		F2066BDC2076869500FB0621 /* Inbox.png */ = {isa = PBXFileReference; lastKnownFileType = image.png; path = Inbox.png; sourceTree = "<group>"; };
		F2066BDE2076869600FB0621 /* Heart.png */ = {isa = PBXFileReference; lastKnownFileType = image.png; path = Heart.png; sourceTree = "<group>"; };
		F2129B3F206A2DE800D6D276 /* firstpage.png */ = {isa = PBXFileReference; lastKnownFileType = image.png; path = firstpage.png; sourceTree = "<group>"; };
		F2142B82205C064100B381E8 /* NewAccountVC.swift */ = {isa = PBXFileReference; lastKnownFileType = sourcecode.swift; path = NewAccountVC.swift; sourceTree = "<group>"; };
		F2142B84205C1E1100B381E8 /* emailVC.swift */ = {isa = PBXFileReference; lastKnownFileType = sourcecode.swift; path = emailVC.swift; sourceTree = "<group>"; };
		F21B9A42206B7CCA00D2A783 /* traveller.png */ = {isa = PBXFileReference; lastKnownFileType = image.png; name = traveller.png; path = "../../../../images & icon/icon/traveller.png"; sourceTree = "<group>"; };
		F21B9A46206B7DC400D2A783 /* TripVC.swift */ = {isa = PBXFileReference; lastKnownFileType = sourcecode.swift; path = TripVC.swift; sourceTree = "<group>"; };
		F220384E207DCA2700C7CA4F /* Similar_CollectionCell.swift */ = {isa = PBXFileReference; lastKnownFileType = sourcecode.swift; path = Similar_CollectionCell.swift; sourceTree = "<group>"; };
		F226FB79205A39B100F14CB0 /* Custom_Button.swift */ = {isa = PBXFileReference; lastKnownFileType = sourcecode.swift; path = Custom_Button.swift; sourceTree = "<group>"; };
		F22991B220989786007D6A5B /* AmentiesVC.swift */ = {isa = PBXFileReference; lastKnownFileType = sourcecode.swift; path = AmentiesVC.swift; sourceTree = "<group>"; };
		F2330EE5206DF4FD00D328AA /* TypeOne_TableCell.swift */ = {isa = PBXFileReference; lastKnownFileType = sourcecode.swift; path = TypeOne_TableCell.swift; sourceTree = "<group>"; };
		F2330EE6206DF4FD00D328AA /* TypeOne_TableCell.xib */ = {isa = PBXFileReference; lastKnownFileType = file.xib; path = TypeOne_TableCell.xib; sourceTree = "<group>"; };
		F2330EE9206DF53600D328AA /* TypeOne_CollectionViewCell.swift */ = {isa = PBXFileReference; lastKnownFileType = sourcecode.swift; path = TypeOne_CollectionViewCell.swift; sourceTree = "<group>"; };
		F2330EEA206DF53600D328AA /* TypeOne_CollectionViewCell.xib */ = {isa = PBXFileReference; lastKnownFileType = file.xib; path = TypeOne_CollectionViewCell.xib; sourceTree = "<group>"; };
		F2330EED206DF9C200D328AA /* hyper.jpg */ = {isa = PBXFileReference; lastKnownFileType = image.jpeg; name = hyper.jpg; path = "../../../../images & icon/hyper.jpg"; sourceTree = "<group>"; };
		F2330EEF206DFF6E00D328AA /* TypeTwo_CollectionViewCell.swift */ = {isa = PBXFileReference; lastKnownFileType = sourcecode.swift; path = TypeTwo_CollectionViewCell.swift; sourceTree = "<group>"; };
		F2330EF0206DFF6E00D328AA /* TypeTwo_CollectionViewCell.xib */ = {isa = PBXFileReference; lastKnownFileType = file.xib; path = TypeTwo_CollectionViewCell.xib; sourceTree = "<group>"; };
		F2330EF3206DFF8700D328AA /* TypeThree_CollectionViewCell.swift */ = {isa = PBXFileReference; lastKnownFileType = sourcecode.swift; path = TypeThree_CollectionViewCell.swift; sourceTree = "<group>"; };
		F2330EF4206DFF8700D328AA /* TypeThree_CollectionViewCell.xib */ = {isa = PBXFileReference; lastKnownFileType = file.xib; path = TypeThree_CollectionViewCell.xib; sourceTree = "<group>"; };
		F2330EF7206DFFAB00D328AA /* TypeTwo_TableCell.swift */ = {isa = PBXFileReference; lastKnownFileType = sourcecode.swift; path = TypeTwo_TableCell.swift; sourceTree = "<group>"; };
		F2330EF8206DFFAB00D328AA /* TypeTwo_TableCell.xib */ = {isa = PBXFileReference; lastKnownFileType = file.xib; path = TypeTwo_TableCell.xib; sourceTree = "<group>"; };
		F2330EFB206DFFBE00D328AA /* TypeThree_TableCell.swift */ = {isa = PBXFileReference; lastKnownFileType = sourcecode.swift; path = TypeThree_TableCell.swift; sourceTree = "<group>"; };
		F2330EFC206DFFBE00D328AA /* TypeThree_TableCell.xib */ = {isa = PBXFileReference; lastKnownFileType = file.xib; path = TypeThree_TableCell.xib; sourceTree = "<group>"; };
		F2330EFF206E0FC200D328AA /* golden_star.png */ = {isa = PBXFileReference; lastKnownFileType = image.png; path = golden_star.png; sourceTree = "<group>"; };
		F2330F00206E0FC200D328AA /* black_star.png */ = {isa = PBXFileReference; lastKnownFileType = image.png; path = black_star.png; sourceTree = "<group>"; };
		F2351800209A072E00DCDCCA /* checkbox.png */ = {isa = PBXFileReference; lastKnownFileType = image.png; path = checkbox.png; sourceTree = "<group>"; };
		F2351802209A07F600DCDCCA /* checkboxCell.swift */ = {isa = PBXFileReference; lastKnownFileType = sourcecode.swift; path = checkboxCell.swift; sourceTree = "<group>"; };
		F2351804209A08BF00DCDCCA /* uncheckbox.png */ = {isa = PBXFileReference; lastKnownFileType = image.png; path = uncheckbox.png; sourceTree = "<group>"; };
		F235ACA02073B1FF00CD20E6 /* SearchBar.xib */ = {isa = PBXFileReference; lastKnownFileType = file.xib; path = SearchBar.xib; sourceTree = "<group>"; };
		F235ACA22073B3A200CD20E6 /* search.png */ = {isa = PBXFileReference; lastKnownFileType = image.png; path = search.png; sourceTree = "<group>"; };
		F235ACA42073B51B00CD20E6 /* SearchBar.swift */ = {isa = PBXFileReference; lastKnownFileType = sourcecode.swift; path = SearchBar.swift; sourceTree = "<group>"; };
		F235ACA62073D9A100CD20E6 /* SearchBarVC.swift */ = {isa = PBXFileReference; lastKnownFileType = sourcecode.swift; path = SearchBarVC.swift; sourceTree = "<group>"; };
		F244C803207BA379000316FE /* PropertyTableVC.swift */ = {isa = PBXFileReference; lastKnownFileType = sourcecode.swift; path = PropertyTableVC.swift; sourceTree = "<group>"; };
		F244C805207BC039000316FE /* television.png */ = {isa = PBXFileReference; lastKnownFileType = image.png; path = television.png; sourceTree = "<group>"; };
		F244C806207BC039000316FE /* wifi.png */ = {isa = PBXFileReference; lastKnownFileType = image.png; path = wifi.png; sourceTree = "<group>"; };
		F244C807207BC039000316FE /* dine.png */ = {isa = PBXFileReference; lastKnownFileType = image.png; path = dine.png; sourceTree = "<group>"; };
		F244C80B207BC114000316FE /* pool.png */ = {isa = PBXFileReference; lastKnownFileType = image.png; path = pool.png; sourceTree = "<group>"; };
		F244C80D207BC5FD000316FE /* PropertyBottomView.xib */ = {isa = PBXFileReference; lastKnownFileType = file.xib; path = PropertyBottomView.xib; sourceTree = "<group>"; };
		F244C80F207BC616000316FE /* PropertyBottomView.swift */ = {isa = PBXFileReference; lastKnownFileType = sourcecode.swift; path = PropertyBottomView.swift; sourceTree = "<group>"; };
		F247B1B12091D6AE00FFF478 /* SearchResultVC.swift */ = {isa = PBXFileReference; lastKnownFileType = sourcecode.swift; path = SearchResultVC.swift; sourceTree = "<group>"; };
		F2532280208E0A8100AB75E0 /* GoogleService-Info.plist */ = {isa = PBXFileReference; fileEncoding = 4; lastKnownFileType = text.plist.xml; path = "GoogleService-Info.plist"; sourceTree = "<group>"; };
		F258154320692AA500045DCF /* forget.mp4 */ = {isa = PBXFileReference; lastKnownFileType = file; path = forget.mp4; sourceTree = "<group>"; };
		F258154420692AA500045DCF /* login.mp4 */ = {isa = PBXFileReference; lastKnownFileType = file; path = login.mp4; sourceTree = "<group>"; };
		F258154520692AA500045DCF /*  signup.mp4 */ = {isa = PBXFileReference; lastKnownFileType = file; path = " signup.mp4"; sourceTree = "<group>"; };
		F258154920692D9800045DCF /* Gleepads_witout_BG.png */ = {isa = PBXFileReference; lastKnownFileType = image.png; path = Gleepads_witout_BG.png; sourceTree = "<group>"; };
		F258154F206953FB00045DCF /* NotifySettingLabelCell.swift */ = {isa = PBXFileReference; lastKnownFileType = sourcecode.swift; path = NotifySettingLabelCell.swift; sourceTree = "<group>"; };
		F2581550206953FB00045DCF /* NotifySettingLabelCell.xib */ = {isa = PBXFileReference; lastKnownFileType = file.xib; path = NotifySettingLabelCell.xib; sourceTree = "<group>"; };
		F25815532069542C00045DCF /* NotifySettingSwitchCell.swift */ = {isa = PBXFileReference; lastKnownFileType = sourcecode.swift; path = NotifySettingSwitchCell.swift; sourceTree = "<group>"; };
		F25815542069542C00045DCF /* NotifySettingSwitchCell.xib */ = {isa = PBXFileReference; lastKnownFileType = file.xib; path = NotifySettingSwitchCell.xib; sourceTree = "<group>"; };
		F25B56B82094C1B10023406D /* Step1VC.swift */ = {isa = PBXFileReference; lastKnownFileType = sourcecode.swift; path = Step1VC.swift; sourceTree = "<group>"; };
		F25B56BA2094C1C70023406D /* Step2VC.swift */ = {isa = PBXFileReference; lastKnownFileType = sourcecode.swift; path = Step2VC.swift; sourceTree = "<group>"; };
		F25B56BC2094C1FD0023406D /* Step3VC.swift */ = {isa = PBXFileReference; lastKnownFileType = sourcecode.swift; path = Step3VC.swift; sourceTree = "<group>"; };
		F25B56BE2094C3200023406D /* host.mp4 */ = {isa = PBXFileReference; lastKnownFileType = file; path = host.mp4; sourceTree = "<group>"; };
		F25B56C02094C33B0023406D /* guest.mp4 */ = {isa = PBXFileReference; lastKnownFileType = file; path = guest.mp4; sourceTree = "<group>"; };
		F2648482206E76B2008271BE /* BebasNeue-Regular.otf */ = {isa = PBXFileReference; lastKnownFileType = file; path = "BebasNeue-Regular.otf"; sourceTree = "<group>"; };
		F2648483206E76B2008271BE /* BebasNeue-Regular.ttf */ = {isa = PBXFileReference; lastKnownFileType = file; path = "BebasNeue-Regular.ttf"; sourceTree = "<group>"; };
		F2648486206E94F9008271BE /* karachi.jpg */ = {isa = PBXFileReference; lastKnownFileType = image.jpeg; name = karachi.jpg; path = "../../../../images & icon/karachi.jpg"; sourceTree = "<group>"; };
		F2648487206E94F9008271BE /* dxb.jpg */ = {isa = PBXFileReference; lastKnownFileType = image.jpeg; name = dxb.jpg; path = "../../../../images & icon/dxb.jpg"; sourceTree = "<group>"; };
		F26CFC3E206A85DB00A9DD20 /* couple.mp4 */ = {isa = PBXFileReference; lastKnownFileType = file; path = couple.mp4; sourceTree = "<group>"; };
		F26CFC4A206AA88D00A9DD20 /* SearchBarTableViewController.swift */ = {isa = PBXFileReference; lastKnownFileType = sourcecode.swift; path = SearchBarTableViewController.swift; sourceTree = "<group>"; };
		F26CFC4C206AAAAE00A9DD20 /* Start.png */ = {isa = PBXFileReference; lastKnownFileType = image.png; name = Start.png; path = "../../../../images & icon/Start.png"; sourceTree = "<group>"; };
		F27B514B20652B0200599F82 /* ProfileVC.swift */ = {isa = PBXFileReference; lastKnownFileType = sourcecode.swift; path = ProfileVC.swift; sourceTree = "<group>"; };
		F27B514D206585FF00599F82 /* intro.mp4 */ = {isa = PBXFileReference; lastKnownFileType = file; path = intro.mp4; sourceTree = "<group>"; };
		F27B516B206595E700599F82 /* TopTableViewCell.swift */ = {isa = PBXFileReference; lastKnownFileType = sourcecode.swift; path = TopTableViewCell.swift; sourceTree = "<group>"; };
		F27B516C206595E700599F82 /* TopTableViewCell.xib */ = {isa = PBXFileReference; lastKnownFileType = file.xib; path = TopTableViewCell.xib; sourceTree = "<group>"; };
		F27B516F2065960100599F82 /* MiddleTableViewCell.swift */ = {isa = PBXFileReference; lastKnownFileType = sourcecode.swift; path = MiddleTableViewCell.swift; sourceTree = "<group>"; };
		F27B51702065960100599F82 /* MiddleTableViewCell.xib */ = {isa = PBXFileReference; lastKnownFileType = file.xib; path = MiddleTableViewCell.xib; sourceTree = "<group>"; };
		F27B51752065A68E00599F82 /* ButtonTableViewCell.swift */ = {isa = PBXFileReference; lastKnownFileType = sourcecode.swift; path = ButtonTableViewCell.swift; sourceTree = "<group>"; };
		F27B51762065A68E00599F82 /* ButtonTableViewCell.xib */ = {isa = PBXFileReference; lastKnownFileType = file.xib; path = ButtonTableViewCell.xib; sourceTree = "<group>"; };
		F28D908E205FE75A00AE2A5D /* SignInVC.swift */ = {isa = PBXFileReference; lastKnownFileType = sourcecode.swift; path = SignInVC.swift; sourceTree = "<group>"; };
		F28D9090205FECBA00AE2A5D /* ForgetVC.swift */ = {isa = PBXFileReference; lastKnownFileType = sourcecode.swift; path = ForgetVC.swift; sourceTree = "<group>"; };
		F28D9092205FF6F700AE2A5D /* Function.storyboard */ = {isa = PBXFileReference; lastKnownFileType = file.storyboard; path = Function.storyboard; sourceTree = "<group>"; };
		F28D90AE206016FB00AE2A5D /* Custom_View.swift */ = {isa = PBXFileReference; lastKnownFileType = sourcecode.swift; path = Custom_View.swift; sourceTree = "<group>"; };
		F28D90B22060183C00AE2A5D /* Custom_ImageView.swift */ = {isa = PBXFileReference; lastKnownFileType = sourcecode.swift; path = Custom_ImageView.swift; sourceTree = "<group>"; };
		F2942FA8207DF96600B49BC9 /* SendMessageVC.swift */ = {isa = PBXFileReference; lastKnownFileType = sourcecode.swift; path = SendMessageVC.swift; sourceTree = "<group>"; };
		F296C30220999176006AD38D /* ImageCollectionCell.swift */ = {isa = PBXFileReference; lastKnownFileType = sourcecode.swift; path = ImageCollectionCell.swift; sourceTree = "<group>"; };
		F296C30420999B33006AD38D /* add_image.png */ = {isa = PBXFileReference; lastKnownFileType = image.png; path = add_image.png; sourceTree = "<group>"; };
		F298C37920763B1D006E9F09 /* GuestVC.swift */ = {isa = PBXFileReference; lastKnownFileType = sourcecode.swift; path = GuestVC.swift; sourceTree = "<group>"; };
		F29C057B2066417C00EC802F /* InviteTableViewCell.swift */ = {isa = PBXFileReference; lastKnownFileType = sourcecode.swift; path = InviteTableViewCell.swift; sourceTree = "<group>"; };
		F29C057C2066417C00EC802F /* InviteTableViewCell.xib */ = {isa = PBXFileReference; lastKnownFileType = file.xib; path = InviteTableViewCell.xib; sourceTree = "<group>"; };
		F29C057F206645B100EC802F /* NotificationVC.swift */ = {isa = PBXFileReference; lastKnownFileType = sourcecode.swift; path = NotificationVC.swift; sourceTree = "<group>"; };
		F29C0581206645D200EC802F /* InviteVC.swift */ = {isa = PBXFileReference; lastKnownFileType = sourcecode.swift; path = InviteVC.swift; sourceTree = "<group>"; };
		F29C0583206645FB00EC802F /* CrediitVC.swift */ = {isa = PBXFileReference; lastKnownFileType = sourcecode.swift; path = CrediitVC.swift; sourceTree = "<group>"; };
		F29C0587206646FC00EC802F /* SettingVC.swift */ = {isa = PBXFileReference; lastKnownFileType = sourcecode.swift; path = SettingVC.swift; sourceTree = "<group>"; };
		F29C05892066471700EC802F /* HelpVC.swift */ = {isa = PBXFileReference; lastKnownFileType = sourcecode.swift; path = HelpVC.swift; sourceTree = "<group>"; };
		F29C058B2066472B00EC802F /* HostVC.swift */ = {isa = PBXFileReference; lastKnownFileType = sourcecode.swift; path = HostVC.swift; sourceTree = "<group>"; };
		F29C058D2066473F00EC802F /* FeedbackVC.swift */ = {isa = PBXFileReference; lastKnownFileType = sourcecode.swift; path = FeedbackVC.swift; sourceTree = "<group>"; };
		F29C059C2066660D00EC802F /* HeadingCell.xib */ = {isa = PBXFileReference; fileEncoding = 4; lastKnownFileType = file.xib; path = HeadingCell.xib; sourceTree = "<group>"; };
		F29C059D2066660D00EC802F /* HeadingCell.swift */ = {isa = PBXFileReference; fileEncoding = 4; lastKnownFileType = sourcecode.swift; path = HeadingCell.swift; sourceTree = "<group>"; };
		F29C05A02066702500EC802F /* NotificationSettingVC.swift */ = {isa = PBXFileReference; lastKnownFileType = sourcecode.swift; path = NotificationSettingVC.swift; sourceTree = "<group>"; };
		F29C05A82066BC6600EC802F /* LaunchedVC.swift */ = {isa = PBXFileReference; lastKnownFileType = sourcecode.swift; path = LaunchedVC.swift; sourceTree = "<group>"; };
		F2A97F97209B742900312B66 /* logo.png */ = {isa = PBXFileReference; lastKnownFileType = image.png; name = logo.png; path = "../../../../images & icon/logo.png"; sourceTree = "<group>"; };
		F2A97F9B209B792500312B66 /* marker.png */ = {isa = PBXFileReference; lastKnownFileType = image.png; path = marker.png; sourceTree = "<group>"; };
		F2C1024C206D1D5F00B4DA6B /* testVC.swift */ = {isa = PBXFileReference; lastKnownFileType = sourcecode.swift; path = testVC.swift; sourceTree = "<group>"; };
		F2C1024E206D236F00B4DA6B /* ExploreVC.swift */ = {isa = PBXFileReference; lastKnownFileType = sourcecode.swift; path = ExploreVC.swift; sourceTree = "<group>"; };
		F2C10250206D260B00B4DA6B /* SavedVC.swift */ = {isa = PBXFileReference; lastKnownFileType = sourcecode.swift; path = SavedVC.swift; sourceTree = "<group>"; };
		F2C10252206D262500B4DA6B /* InboxVC.swift */ = {isa = PBXFileReference; lastKnownFileType = sourcecode.swift; path = InboxVC.swift; sourceTree = "<group>"; };
		F2C10256206D2C5900B4DA6B /* google.png */ = {isa = PBXFileReference; lastKnownFileType = image.png; path = google.png; sourceTree = "<group>"; };
		F2C10258206D2EF100B4DA6B /* facebook.png */ = {isa = PBXFileReference; lastKnownFileType = image.png; path = facebook.png; sourceTree = "<group>"; };
		F2DE9CF22077AFC700920040 /* Profile.png */ = {isa = PBXFileReference; lastKnownFileType = image.png; path = Profile.png; sourceTree = "<group>"; };
		F2DE9CFC2077B15600920040 /* Share.png */ = {isa = PBXFileReference; lastKnownFileType = image.png; path = Share.png; sourceTree = "<group>"; };
		F2DE9CFF2077C01D00920040 /* ZGCarousel.swift */ = {isa = PBXFileReference; fileEncoding = 4; lastKnownFileType = sourcecode.swift; path = ZGCarousel.swift; sourceTree = "<group>"; };
		F2DE9D012077C05E00920040 /* ImageScrollVC.swift */ = {isa = PBXFileReference; lastKnownFileType = sourcecode.swift; path = ImageScrollVC.swift; sourceTree = "<group>"; };
		F2DE9D052077C84300920040 /* imageScrollCell.swift */ = {isa = PBXFileReference; lastKnownFileType = sourcecode.swift; path = imageScrollCell.swift; sourceTree = "<group>"; };
		F2EB479F207E7AD700084652 /* CheckOutVC.swift */ = {isa = PBXFileReference; lastKnownFileType = sourcecode.swift; path = CheckOutVC.swift; sourceTree = "<group>"; };
		F2EBBB9520597EA600DD03A9 /* Gleepads.app */ = {isa = PBXFileReference; explicitFileType = wrapper.application; includeInIndex = 0; path = Gleepads.app; sourceTree = BUILT_PRODUCTS_DIR; };
		F2EBBB9820597EA600DD03A9 /* AppDelegate.swift */ = {isa = PBXFileReference; lastKnownFileType = sourcecode.swift; path = AppDelegate.swift; sourceTree = "<group>"; };
		F2EBBB9A20597EA600DD03A9 /* MainVC.swift */ = {isa = PBXFileReference; lastKnownFileType = sourcecode.swift; path = MainVC.swift; sourceTree = "<group>"; };
		F2EBBB9D20597EA600DD03A9 /* Base */ = {isa = PBXFileReference; lastKnownFileType = file.storyboard; name = Base; path = Base.lproj/Main.storyboard; sourceTree = "<group>"; };
		F2EBBB9F20597EA600DD03A9 /* Assets.xcassets */ = {isa = PBXFileReference; lastKnownFileType = folder.assetcatalog; path = Assets.xcassets; sourceTree = "<group>"; };
		F2EBBBA220597EA600DD03A9 /* Base */ = {isa = PBXFileReference; lastKnownFileType = file.storyboard; name = Base; path = Base.lproj/LaunchScreen.storyboard; sourceTree = "<group>"; };
		F2EBBBA420597EA600DD03A9 /* Info.plist */ = {isa = PBXFileReference; lastKnownFileType = text.plist.xml; path = Info.plist; sourceTree = "<group>"; };
		F2EF76A02068E89C00B378BB /* launched_screen.mp4 */ = {isa = PBXFileReference; lastKnownFileType = file; path = launched_screen.mp4; sourceTree = "<group>"; };
		F2EF76A22068E89C00B378BB /* Social.mp4 */ = {isa = PBXFileReference; lastKnownFileType = file; path = Social.mp4; sourceTree = "<group>"; };
		F2EF76C62068EAA100B378BB /* help.png */ = {isa = PBXFileReference; lastKnownFileType = image.png; path = help.png; sourceTree = "<group>"; };
		F2EF76C72068EAA100B378BB /* credit.png */ = {isa = PBXFileReference; lastKnownFileType = image.png; path = credit.png; sourceTree = "<group>"; };
		F2EF76C82068EAA100B378BB /* border_image.png */ = {isa = PBXFileReference; lastKnownFileType = image.png; path = border_image.png; sourceTree = "<group>"; };
		F2EF76C92068EAA100B378BB /* gift.png */ = {isa = PBXFileReference; lastKnownFileType = image.png; path = gift.png; sourceTree = "<group>"; };
		F2EF76CD2068EAA100B378BB /* host.png */ = {isa = PBXFileReference; lastKnownFileType = image.png; path = host.png; sourceTree = "<group>"; };
		F2EF76CE2068EAA100B378BB /* notify.png */ = {isa = PBXFileReference; lastKnownFileType = image.png; path = notify.png; sourceTree = "<group>"; };
		F2EF76CF2068EAA100B378BB /* right_pointer.png */ = {isa = PBXFileReference; lastKnownFileType = image.png; path = right_pointer.png; sourceTree = "<group>"; };
		F2EF76D02068EAA100B378BB /* setting.png */ = {isa = PBXFileReference; lastKnownFileType = image.png; path = setting.png; sourceTree = "<group>"; };
		F2EF76D22068EAA100B378BB /* feedback.png */ = {isa = PBXFileReference; lastKnownFileType = image.png; path = feedback.png; sourceTree = "<group>"; };
		F2EF76D32068EAA100B378BB /* tom.jpg */ = {isa = PBXFileReference; lastKnownFileType = image.jpeg; path = tom.jpg; sourceTree = "<group>"; };
		F2EF76D42068EAA100B378BB /* Gleepads.png */ = {isa = PBXFileReference; lastKnownFileType = image.png; path = Gleepads.png; sourceTree = "<group>"; };
		F2FD44D9206AB1AC00913885 /* e-mail.mp4 */ = {isa = PBXFileReference; lastKnownFileType = file; path = "e-mail.mp4"; sourceTree = "<group>"; };
/* End PBXFileReference section */

/* Begin PBXFrameworksBuildPhase section */
		F2EBBB9220597EA600DD03A9 /* Frameworks */ = {
			isa = PBXFrameworksBuildPhase;
			buildActionMask = 2147483647;
			files = (
				68CE9A1E747552A07537520D /* Pods_Gleepads.framework in Frameworks */,
			);
			runOnlyForDeploymentPostprocessing = 0;
		};
/* End PBXFrameworksBuildPhase section */

/* Begin PBXGroup section */
		5EEA63DA8FC3FA8DB0232F52 /* Pods */ = {
			isa = PBXGroup;
			children = (
				58E84263B236808B7DA16B8B /* Pods-Gleepads.debug.xcconfig */,
				9ECA5A1A268A109A61342E33 /* Pods-Gleepads.release.xcconfig */,
			);
			name = Pods;
			sourceTree = "<group>";
		};
		AC0354B86B5093739110D026 /* Frameworks */ = {
			isa = PBXGroup;
			children = (
				F17D0E846C551737A35A1D60 /* Pods_Gleepads.framework */,
			);
			name = Frameworks;
			sourceTree = "<group>";
		};
		F21B9A44206B7D9600D2A783 /* Profile */ = {
			isa = PBXGroup;
			children = (
				F27B514B20652B0200599F82 /* ProfileVC.swift */,
				F29C057F206645B100EC802F /* NotificationVC.swift */,
				F29C0581206645D200EC802F /* InviteVC.swift */,
				F29C0583206645FB00EC802F /* CrediitVC.swift */,
				F29C0587206646FC00EC802F /* SettingVC.swift */,
				F29C05892066471700EC802F /* HelpVC.swift */,
				F29C058B2066472B00EC802F /* HostVC.swift */,
				F29C058D2066473F00EC802F /* FeedbackVC.swift */,
				F29C05A02066702500EC802F /* NotificationSettingVC.swift */,
				F25B56B82094C1B10023406D /* Step1VC.swift */,
				F25B56BA2094C1C70023406D /* Step2VC.swift */,
				F25B56BC2094C1FD0023406D /* Step3VC.swift */,
				F22991B220989786007D6A5B /* AmentiesVC.swift */,
				F296C30220999176006AD38D /* ImageCollectionCell.swift */,
			);
			path = Profile;
			sourceTree = "<group>";
		};
		F21B9A45206B7DA200D2A783 /* Trip */ = {
			isa = PBXGroup;
			children = (
				F21B9A46206B7DC400D2A783 /* TripVC.swift */,
			);
			path = Trip;
			sourceTree = "<group>";
		};
		F2203852207DD3A300C7CA4F /* StoryBoards */ = {
			isa = PBXGroup;
			children = (
				F28D9092205FF6F700AE2A5D /* Function.storyboard */,
				F2EBBB9C20597EA600DD03A9 /* Main.storyboard */,
			);
			path = StoryBoards;
			sourceTree = "<group>";
		};
		F226FB75205A395400F14CB0 /* Model */ = {
			isa = PBXGroup;
			children = (
			);
			path = Model;
			sourceTree = "<group>";
		};
		F226FB76205A395F00F14CB0 /* Controller */ = {
			isa = PBXGroup;
			children = (
				F29C05852066468800EC802F /* Main Storyboard */,
				F29C0586206646AA00EC802F /* Function Storyboard */,
			);
			path = Controller;
			sourceTree = "<group>";
		};
		F226FB77205A396D00F14CB0 /* View */ = {
			isa = PBXGroup;
			children = (
				F29C059B20665B0300EC802F /* XIB file */,
				F2203852207DD3A300C7CA4F /* StoryBoards */,
			);
			path = View;
			sourceTree = "<group>";
		};
		F226FB78205A397E00F14CB0 /* Customize */ = {
			isa = PBXGroup;
			children = (
				F226FB79205A39B100F14CB0 /* Custom_Button.swift */,
				F28D90AE206016FB00AE2A5D /* Custom_View.swift */,
				F28D90B22060183C00AE2A5D /* Custom_ImageView.swift */,
			);
			path = Customize;
			sourceTree = "<group>";
		};
		F2648481206E7698008271BE /* Fonts */ = {
			isa = PBXGroup;
			children = (
				F2648482206E76B2008271BE /* BebasNeue-Regular.otf */,
				F2648483206E76B2008271BE /* BebasNeue-Regular.ttf */,
			);
			path = Fonts;
			sourceTree = "<group>";
		};
		F26B34EE205B89D50082FAFD /* Image */ = {
			isa = PBXGroup;
			children = (
				F296C30420999B33006AD38D /* add_image.png */,
				F2351800209A072E00DCDCCA /* checkbox.png */,
				F2351804209A08BF00DCDCCA /* uncheckbox.png */,
				F244C807207BC039000316FE /* dine.png */,
				F244C805207BC039000316FE /* television.png */,
				F244C806207BC039000316FE /* wifi.png */,
				F2DE9CFC2077B15600920040 /* Share.png */,
				F2330EED206DF9C200D328AA /* hyper.jpg */,
				F2066BDA2076854500FB0621 /* Explore.png */,
				F2066BD420767C8000FB0621 /* archived.png */,
				F2066BD620767CF300FB0621 /* search_small.png */,
				F2DE9CF22077AFC700920040 /* Profile.png */,
				F2066BDE2076869600FB0621 /* Heart.png */,
				F2066BDC2076869500FB0621 /* Inbox.png */,
				F2330F00206E0FC200D328AA /* black_star.png */,
				F2330EFF206E0FC200D328AA /* golden_star.png */,
				F235ACA22073B3A200CD20E6 /* search.png */,
				F2C10258206D2EF100B4DA6B /* facebook.png */,
				F2015760207524130053F02F /* facebook_button.png */,
				F2015761207524130053F02F /* google_button.png */,
				F2648487206E94F9008271BE /* dxb.jpg */,
				F2648486206E94F9008271BE /* karachi.jpg */,
				F2129B3F206A2DE800D6D276 /* firstpage.png */,
				F2EF76C82068EAA100B378BB /* border_image.png */,
				F2EF76C72068EAA100B378BB /* credit.png */,
				F2EF76D22068EAA100B378BB /* feedback.png */,
				F258154920692D9800045DCF /* Gleepads_witout_BG.png */,
				F21B9A42206B7CCA00D2A783 /* traveller.png */,
				F244C80B207BC114000316FE /* pool.png */,
				F2EF76C92068EAA100B378BB /* gift.png */,
				F2A97F9B209B792500312B66 /* marker.png */,
				F2EF76D42068EAA100B378BB /* Gleepads.png */,
				F2C10256206D2C5900B4DA6B /* google.png */,
				F2EF76C62068EAA100B378BB /* help.png */,
				F2EF76CD2068EAA100B378BB /* host.png */,
				F2A97F97209B742900312B66 /* logo.png */,
				F2EF76CE2068EAA100B378BB /* notify.png */,
				F26CFC4C206AAAAE00A9DD20 /* Start.png */,
				F2EF76CF2068EAA100B378BB /* right_pointer.png */,
				F2EF76D02068EAA100B378BB /* setting.png */,
				F2EF76D32068EAA100B378BB /* tom.jpg */,
			);
			path = Image;
			sourceTree = "<group>";
		};
		F29C05852066468800EC802F /* Main Storyboard */ = {
			isa = PBXGroup;
			children = (
				F29C05A82066BC6600EC802F /* LaunchedVC.swift */,
				F2EBBB9A20597EA600DD03A9 /* MainVC.swift */,
				F2142B82205C064100B381E8 /* NewAccountVC.swift */,
				F2142B84205C1E1100B381E8 /* emailVC.swift */,
				F28D908E205FE75A00AE2A5D /* SignInVC.swift */,
				F28D9090205FECBA00AE2A5D /* ForgetVC.swift */,
			);
			path = "Main Storyboard";
			sourceTree = "<group>";
		};
		F29C0586206646AA00EC802F /* Function Storyboard */ = {
			isa = PBXGroup;
			children = (
				F29C0595206658EA00EC802F /* Table Cell */,
				F29C0596206658FE00EC802F /* VC */,
			);
			path = "Function Storyboard";
			sourceTree = "<group>";
		};
		F29C0595206658EA00EC802F /* Table Cell */ = {
			isa = PBXGroup;
			children = (
				F220384E207DCA2700C7CA4F /* Similar_CollectionCell.swift */,
				F2330EE5206DF4FD00D328AA /* TypeOne_TableCell.swift */,
				F2330EE9206DF53600D328AA /* TypeOne_CollectionViewCell.swift */,
				F2330EF7206DFFAB00D328AA /* TypeTwo_TableCell.swift */,
				F2330EEF206DFF6E00D328AA /* TypeTwo_CollectionViewCell.swift */,
				F2330EFB206DFFBE00D328AA /* TypeThree_TableCell.swift */,
				F2330EF3206DFF8700D328AA /* TypeThree_CollectionViewCell.swift */,
				F27B516B206595E700599F82 /* TopTableViewCell.swift */,
				F27B516F2065960100599F82 /* MiddleTableViewCell.swift */,
				F27B51752065A68E00599F82 /* ButtonTableViewCell.swift */,
				F29C057B2066417C00EC802F /* InviteTableViewCell.swift */,
				F258154F206953FB00045DCF /* NotifySettingLabelCell.swift */,
				F25815532069542C00045DCF /* NotifySettingSwitchCell.swift */,
				F29C059D2066660D00EC802F /* HeadingCell.swift */,
				F244C80F207BC616000316FE /* PropertyBottomView.swift */,
				F2351802209A07F600DCDCCA /* checkboxCell.swift */,
			);
			path = "Table Cell";
			sourceTree = "<group>";
		};
		F29C0596206658FE00EC802F /* VC */ = {
			isa = PBXGroup;
			children = (
				F2C1025C206D2FF600B4DA6B /* Explore */,
				F2C1025A206D2FDA00B4DA6B /* Inbox */,
				F2C1025B206D2FEF00B4DA6B /* Saved */,
				F21B9A45206B7DA200D2A783 /* Trip */,
				F21B9A44206B7D9600D2A783 /* Profile */,
			);
			path = VC;
			sourceTree = "<group>";
		};
		F29C059B20665B0300EC802F /* XIB file */ = {
			isa = PBXGroup;
			children = (
				F27B516C206595E700599F82 /* TopTableViewCell.xib */,
				F27B51702065960100599F82 /* MiddleTableViewCell.xib */,
				F27B51762065A68E00599F82 /* ButtonTableViewCell.xib */,
				F29C057C2066417C00EC802F /* InviteTableViewCell.xib */,
				F2581550206953FB00045DCF /* NotifySettingLabelCell.xib */,
				F25815542069542C00045DCF /* NotifySettingSwitchCell.xib */,
				F29C059C2066660D00EC802F /* HeadingCell.xib */,
				F235ACA02073B1FF00CD20E6 /* SearchBar.xib */,
				F2330EE6206DF4FD00D328AA /* TypeOne_TableCell.xib */,
				F2330EEA206DF53600D328AA /* TypeOne_CollectionViewCell.xib */,
				F2330EF8206DFFAB00D328AA /* TypeTwo_TableCell.xib */,
				F2330EF0206DFF6E00D328AA /* TypeTwo_CollectionViewCell.xib */,
				F2330EFC206DFFBE00D328AA /* TypeThree_TableCell.xib */,
				F2330EF4206DFF8700D328AA /* TypeThree_CollectionViewCell.xib */,
				F244C80D207BC5FD000316FE /* PropertyBottomView.xib */,
			);
			path = "XIB file";
			sourceTree = "<group>";
		};
		F2C1025A206D2FDA00B4DA6B /* Inbox */ = {
			isa = PBXGroup;
			children = (
				F2C10252206D262500B4DA6B /* InboxVC.swift */,
			);
			path = Inbox;
			sourceTree = "<group>";
		};
		F2C1025B206D2FEF00B4DA6B /* Saved */ = {
			isa = PBXGroup;
			children = (
				F2C10250206D260B00B4DA6B /* SavedVC.swift */,
			);
			path = Saved;
			sourceTree = "<group>";
		};
		F2C1025C206D2FF600B4DA6B /* Explore */ = {
			isa = PBXGroup;
			children = (
				F2C1024E206D236F00B4DA6B /* ExploreVC.swift */,
				F235ACA42073B51B00CD20E6 /* SearchBar.swift */,
				F235ACA62073D9A100CD20E6 /* SearchBarVC.swift */,
				F201576420752ECB0053F02F /* CalenderVC.swift */,
				F2EB479F207E7AD700084652 /* CheckOutVC.swift */,
				F298C37920763B1D006E9F09 /* GuestVC.swift */,
				F2DE9D012077C05E00920040 /* ImageScrollVC.swift */,
				F2DE9D052077C84300920040 /* imageScrollCell.swift */,
				F244C803207BA379000316FE /* PropertyTableVC.swift */,
				F247B1B12091D6AE00FFF478 /* SearchResultVC.swift */,
			);
			path = Explore;
			sourceTree = "<group>";
		};
		F2C1025D206D359A00B4DA6B /* TEST SWIFT */ = {
			isa = PBXGroup;
			children = (
				F26CFC4A206AA88D00A9DD20 /* SearchBarTableViewController.swift */,
				F2C1024C206D1D5F00B4DA6B /* testVC.swift */,
			);
			path = "TEST SWIFT";
			sourceTree = "<group>";
		};
		F2DE9CFE2077C00500920040 /* Animate */ = {
			isa = PBXGroup;
			children = (
				F2DE9CFF2077C01D00920040 /* ZGCarousel.swift */,
			);
			path = Animate;
			sourceTree = "<group>";
		};
		F2EBBB8C20597EA600DD03A9 = {
			isa = PBXGroup;
			children = (
				F2EBBB9720597EA600DD03A9 /* Gleepads */,
				F2EBBB9620597EA600DD03A9 /* Products */,
				5EEA63DA8FC3FA8DB0232F52 /* Pods */,
				AC0354B86B5093739110D026 /* Frameworks */,
			);
			sourceTree = "<group>";
		};
		F2EBBB9620597EA600DD03A9 /* Products */ = {
			isa = PBXGroup;
			children = (
				F2EBBB9520597EA600DD03A9 /* Gleepads.app */,
			);
			name = Products;
			sourceTree = "<group>";
		};
		F2EBBB9720597EA600DD03A9 /* Gleepads */ = {
			isa = PBXGroup;
			children = (
				F2DE9CFE2077C00500920040 /* Animate */,
				F2648481206E7698008271BE /* Fonts */,
				F2F7AAC02061656D00348BAD /* video */,
				F26B34EE205B89D50082FAFD /* Image */,
				F226FB78205A397E00F14CB0 /* Customize */,
				F226FB77205A396D00F14CB0 /* View */,
				F226FB76205A395F00F14CB0 /* Controller */,
				F226FB75205A395400F14CB0 /* Model */,
				F2EBBB9820597EA600DD03A9 /* AppDelegate.swift */,
				F2EBBB9F20597EA600DD03A9 /* Assets.xcassets */,
				F2EBBBA120597EA600DD03A9 /* LaunchScreen.storyboard */,
				F2EBBBA420597EA600DD03A9 /* Info.plist */,
				F2532280208E0A8100AB75E0 /* GoogleService-Info.plist */,
				F2C1025D206D359A00B4DA6B /* TEST SWIFT */,
				F2942FA8207DF96600B49BC9 /* SendMessageVC.swift */,
			);
			path = Gleepads;
			sourceTree = "<group>";
		};
		F2F7AAC02061656D00348BAD /* video */ = {
			isa = PBXGroup;
			children = (
				F26CFC3E206A85DB00A9DD20 /* couple.mp4 */,
				F258154520692AA500045DCF /*  signup.mp4 */,
				F2FD44D9206AB1AC00913885 /* e-mail.mp4 */,
				F25B56BE2094C3200023406D /* host.mp4 */,
				F258154320692AA500045DCF /* forget.mp4 */,
				F25B56C02094C33B0023406D /* guest.mp4 */,
				F258154420692AA500045DCF /* login.mp4 */,
				F2EF76A02068E89C00B378BB /* launched_screen.mp4 */,
				F2EF76A22068E89C00B378BB /* Social.mp4 */,
				F27B514D206585FF00599F82 /* intro.mp4 */,
			);
			path = video;
			sourceTree = "<group>";
		};
/* End PBXGroup section */

/* Begin PBXNativeTarget section */
		F2EBBB9420597EA600DD03A9 /* Gleepads */ = {
			isa = PBXNativeTarget;
			buildConfigurationList = F2EBBBA720597EA600DD03A9 /* Build configuration list for PBXNativeTarget "Gleepads" */;
			buildPhases = (
				DC2F9C85DA9EBA1215B5EFC7 /* [CP] Check Pods Manifest.lock */,
				F2EBBB9120597EA600DD03A9 /* Sources */,
				F2EBBB9220597EA600DD03A9 /* Frameworks */,
				F2EBBB9320597EA600DD03A9 /* Resources */,
				5DA77CBB514CB3255AC60D98 /* [CP] Embed Pods Frameworks */,
				5C300C7670C19C4AC7991CE8 /* [CP] Copy Pods Resources */,
			);
			buildRules = (
			);
			dependencies = (
			);
			name = Gleepads;
			productName = Gleepads;
			productReference = F2EBBB9520597EA600DD03A9 /* Gleepads.app */;
			productType = "com.apple.product-type.application";
		};
/* End PBXNativeTarget section */

/* Begin PBXProject section */
		F2EBBB8D20597EA600DD03A9 /* Project object */ = {
			isa = PBXProject;
			attributes = {
				LastSwiftUpdateCheck = 0920;
				LastUpgradeCheck = 0920;
				ORGANIZATIONNAME = "Syed ShahRukh Haider";
				TargetAttributes = {
					F2EBBB9420597EA600DD03A9 = {
						CreatedOnToolsVersion = 9.2;
						ProvisioningStyle = Automatic;
					};
				};
			};
			buildConfigurationList = F2EBBB9020597EA600DD03A9 /* Build configuration list for PBXProject "Gleepads" */;
			compatibilityVersion = "Xcode 8.0";
			developmentRegion = en;
			hasScannedForEncodings = 0;
			knownRegions = (
				en,
				Base,
			);
			mainGroup = F2EBBB8C20597EA600DD03A9;
			productRefGroup = F2EBBB9620597EA600DD03A9 /* Products */;
			projectDirPath = "";
			projectRoot = "";
			targets = (
				F2EBBB9420597EA600DD03A9 /* Gleepads */,
			);
		};
/* End PBXProject section */

/* Begin PBXResourcesBuildPhase section */
		F2EBBB9320597EA600DD03A9 /* Resources */ = {
			isa = PBXResourcesBuildPhase;
			buildActionMask = 2147483647;
			files = (
				F2330EF6206DFF8700D328AA /* TypeThree_CollectionViewCell.xib in Resources */,
				F25B56BF2094C3200023406D /* host.mp4 in Resources */,
				F244C80C207BC114000316FE /* pool.png in Resources */,
				F26CFC41206A883900A9DD20 /*  signup.mp4 in Resources */,
				F244C809207BC039000316FE /* wifi.png in Resources */,
				F2648485206E76B2008271BE /* BebasNeue-Regular.ttf in Resources */,
				F235ACA32073B3A200CD20E6 /* search.png in Resources */,
				F21B9A43206B7CCB00D2A783 /* traveller.png in Resources */,
				F2066BD720767CF300FB0621 /* search_small.png in Resources */,
				F2015762207524140053F02F /* facebook_button.png in Resources */,
				F27B51782065A68E00599F82 /* ButtonTableViewCell.xib in Resources */,
				F2066BE12076869600FB0621 /* Heart.png in Resources */,
				F25B56C12094C33C0023406D /* guest.mp4 in Resources */,
				F2330EF2206DFF6E00D328AA /* TypeTwo_CollectionViewCell.xib in Resources */,
				F26CFC40206A85DB00A9DD20 /* couple.mp4 in Resources */,
				F2066BDB2076854600FB0621 /* Explore.png in Resources */,
				F2EF76E12068EAA100B378BB /* setting.png in Resources */,
				F27B51722065960100599F82 /* MiddleTableViewCell.xib in Resources */,
				F2EF76E42068EAA100B378BB /* tom.jpg in Resources */,
				F244C808207BC039000316FE /* television.png in Resources */,
				F2A97F98209B742900312B66 /* logo.png in Resources */,
				F235ACA12073B1FF00CD20E6 /* SearchBar.xib in Resources */,
				F2330F02206E0FC200D328AA /* black_star.png in Resources */,
				F2EF76A52068E89C00B378BB /* Social.mp4 in Resources */,
				F2A97F9C209B792500312B66 /* marker.png in Resources */,
				F2EF76D72068EAA100B378BB /* help.png in Resources */,
				F2DE9CF32077AFC700920040 /* Profile.png in Resources */,
				F2581552206953FB00045DCF /* NotifySettingLabelCell.xib in Resources */,
				F2015763207524140053F02F /* google_button.png in Resources */,
				F27B514E206585FF00599F82 /* intro.mp4 in Resources */,
				F2330EE8206DF4FD00D328AA /* TypeOne_TableCell.xib in Resources */,
				F2C10257206D2C5A00B4DA6B /* google.png in Resources */,
				F2532281208E0A8100AB75E0 /* GoogleService-Info.plist in Resources */,
				F244C80A207BC039000316FE /* dine.png in Resources */,
				F2EF76E32068EAA100B378BB /* feedback.png in Resources */,
				F2EF76D82068EAA100B378BB /* credit.png in Resources */,
				F29C059E2066660D00EC802F /* HeadingCell.xib in Resources */,
				F25815562069542C00045DCF /* NotifySettingSwitchCell.xib in Resources */,
				F2DE9CFD2077B15600920040 /* Share.png in Resources */,
				F296C30520999B34006AD38D /* add_image.png in Resources */,
				F2066BD520767C8100FB0621 /* archived.png in Resources */,
				F258154A20692D9800045DCF /* Gleepads_witout_BG.png in Resources */,
				F2EBBBA320597EA600DD03A9 /* LaunchScreen.storyboard in Resources */,
				F2EF76A32068E89C00B378BB /* launched_screen.mp4 in Resources */,
				F2330EFE206DFFBE00D328AA /* TypeThree_TableCell.xib in Resources */,
				F2EF76DA2068EAA100B378BB /* gift.png in Resources */,
				F2330EFA206DFFAB00D328AA /* TypeTwo_TableCell.xib in Resources */,
				F29C057E2066417C00EC802F /* InviteTableViewCell.xib in Resources */,
				F2EF76E02068EAA100B378BB /* right_pointer.png in Resources */,
				F2EBBBA020597EA600DD03A9 /* Assets.xcassets in Resources */,
				F2129B40206A2DE800D6D276 /* firstpage.png in Resources */,
				F2648489206E94F9008271BE /* dxb.jpg in Resources */,
				F26CFC4D206AAAAE00A9DD20 /* Start.png in Resources */,
				F244C80E207BC5FD000316FE /* PropertyBottomView.xib in Resources */,
				F2330EEE206DF9C200D328AA /* hyper.jpg in Resources */,
				F2EF76DE2068EAA100B378BB /* host.png in Resources */,
				F2330EEC206DF53600D328AA /* TypeOne_CollectionViewCell.xib in Resources */,
				F2648488206E94F9008271BE /* karachi.jpg in Resources */,
				F2C10259206D2EF200B4DA6B /* facebook.png in Resources */,
				F28D9093205FF6F700AE2A5D /* Function.storyboard in Resources */,
				F2351805209A08BF00DCDCCA /* uncheckbox.png in Resources */,
				F2FD44DA206AB1AC00913885 /* e-mail.mp4 in Resources */,
				F2EF76D92068EAA100B378BB /* border_image.png in Resources */,
				F2330F01206E0FC200D328AA /* golden_star.png in Resources */,
				F2351801209A072F00DCDCCA /* checkbox.png in Resources */,
				F2648484206E76B2008271BE /* BebasNeue-Regular.otf in Resources */,
				F258154720692AA500045DCF /* login.mp4 in Resources */,
				F2EF76E52068EAA100B378BB /* Gleepads.png in Resources */,
				F27B516E206595E700599F82 /* TopTableViewCell.xib in Resources */,
				F2EF76DF2068EAA100B378BB /* notify.png in Resources */,
				F258154620692AA500045DCF /* forget.mp4 in Resources */,
				F2066BDF2076869600FB0621 /* Inbox.png in Resources */,
				F2EBBB9E20597EA600DD03A9 /* Main.storyboard in Resources */,
			);
			runOnlyForDeploymentPostprocessing = 0;
		};
/* End PBXResourcesBuildPhase section */

/* Begin PBXShellScriptBuildPhase section */
		5C300C7670C19C4AC7991CE8 /* [CP] Copy Pods Resources */ = {
			isa = PBXShellScriptBuildPhase;
			buildActionMask = 2147483647;
			files = (
			);
			inputPaths = (
				"${SRCROOT}/Pods/Target Support Files/Pods-Gleepads/Pods-Gleepads-resources.sh",
				"${PODS_ROOT}/GoogleMaps/Maps/Frameworks/GoogleMaps.framework/Resources/GoogleMaps.bundle",
				"${PODS_ROOT}/GooglePlaces/Frameworks/GooglePlaces.framework/Resources/GooglePlaces.bundle",
				"${PODS_ROOT}/GoogleSignIn/Resources/GoogleSignIn.bundle",
			);
			name = "[CP] Copy Pods Resources";
			outputPaths = (
				"${TARGET_BUILD_DIR}/${UNLOCALIZED_RESOURCES_FOLDER_PATH}/GoogleMaps.bundle",
				"${TARGET_BUILD_DIR}/${UNLOCALIZED_RESOURCES_FOLDER_PATH}/GooglePlaces.bundle",
				"${TARGET_BUILD_DIR}/${UNLOCALIZED_RESOURCES_FOLDER_PATH}/GoogleSignIn.bundle",
			);
			runOnlyForDeploymentPostprocessing = 0;
			shellPath = /bin/sh;
			shellScript = "\"${SRCROOT}/Pods/Target Support Files/Pods-Gleepads/Pods-Gleepads-resources.sh\"\n";
			showEnvVarsInLog = 0;
		};
		5DA77CBB514CB3255AC60D98 /* [CP] Embed Pods Frameworks */ = {
			isa = PBXShellScriptBuildPhase;
			buildActionMask = 2147483647;
			files = (
			);
			inputPaths = (
				"${SRCROOT}/Pods/Target Support Files/Pods-Gleepads/Pods-Gleepads-frameworks.sh",
				"${BUILT_PRODUCTS_DIR}/Bolts/Bolts.framework",
				"${BUILT_PRODUCTS_DIR}/BubbleTransition/BubbleTransition.framework",
				"${BUILT_PRODUCTS_DIR}/CVCalendar/CVCalendar.framework",
				"${BUILT_PRODUCTS_DIR}/FBSDKCoreKit/FBSDKCoreKit.framework",
				"${BUILT_PRODUCTS_DIR}/FBSDKLoginKit/FBSDKLoginKit.framework",
				"${BUILT_PRODUCTS_DIR}/FBSDKShareKit/FBSDKShareKit.framework",
				"${BUILT_PRODUCTS_DIR}/FacebookCore/FacebookCore.framework",
				"${BUILT_PRODUCTS_DIR}/FacebookLogin/FacebookLogin.framework",
				"${BUILT_PRODUCTS_DIR}/FacebookShare/FacebookShare.framework",
				"${BUILT_PRODUCTS_DIR}/GTMOAuth2/GTMOAuth2.framework",
				"${BUILT_PRODUCTS_DIR}/GTMSessionFetcher/GTMSessionFetcher.framework",
				"${BUILT_PRODUCTS_DIR}/GoogleToolboxForMac/GoogleToolboxForMac.framework",
				"${BUILT_PRODUCTS_DIR}/IQKeyboardManagerSwift/IQKeyboardManagerSwift.framework",
				"${BUILT_PRODUCTS_DIR}/SwiftVideoBackground/SwiftVideoBackground.framework",
				"${BUILT_PRODUCTS_DIR}/leveldb-library/leveldb.framework",
				"${BUILT_PRODUCTS_DIR}/nanopb/nanopb.framework",
			);
			name = "[CP] Embed Pods Frameworks";
			outputPaths = (
				"${TARGET_BUILD_DIR}/${FRAMEWORKS_FOLDER_PATH}/Bolts.framework",
				"${TARGET_BUILD_DIR}/${FRAMEWORKS_FOLDER_PATH}/BubbleTransition.framework",
				"${TARGET_BUILD_DIR}/${FRAMEWORKS_FOLDER_PATH}/CVCalendar.framework",
				"${TARGET_BUILD_DIR}/${FRAMEWORKS_FOLDER_PATH}/FBSDKCoreKit.framework",
				"${TARGET_BUILD_DIR}/${FRAMEWORKS_FOLDER_PATH}/FBSDKLoginKit.framework",
				"${TARGET_BUILD_DIR}/${FRAMEWORKS_FOLDER_PATH}/FBSDKShareKit.framework",
				"${TARGET_BUILD_DIR}/${FRAMEWORKS_FOLDER_PATH}/FacebookCore.framework",
				"${TARGET_BUILD_DIR}/${FRAMEWORKS_FOLDER_PATH}/FacebookLogin.framework",
				"${TARGET_BUILD_DIR}/${FRAMEWORKS_FOLDER_PATH}/FacebookShare.framework",
				"${TARGET_BUILD_DIR}/${FRAMEWORKS_FOLDER_PATH}/GTMOAuth2.framework",
				"${TARGET_BUILD_DIR}/${FRAMEWORKS_FOLDER_PATH}/GTMSessionFetcher.framework",
				"${TARGET_BUILD_DIR}/${FRAMEWORKS_FOLDER_PATH}/GoogleToolboxForMac.framework",
				"${TARGET_BUILD_DIR}/${FRAMEWORKS_FOLDER_PATH}/IQKeyboardManagerSwift.framework",
				"${TARGET_BUILD_DIR}/${FRAMEWORKS_FOLDER_PATH}/SwiftVideoBackground.framework",
				"${TARGET_BUILD_DIR}/${FRAMEWORKS_FOLDER_PATH}/leveldb.framework",
				"${TARGET_BUILD_DIR}/${FRAMEWORKS_FOLDER_PATH}/nanopb.framework",
			);
			runOnlyForDeploymentPostprocessing = 0;
			shellPath = /bin/sh;
			shellScript = "\"${SRCROOT}/Pods/Target Support Files/Pods-Gleepads/Pods-Gleepads-frameworks.sh\"\n";
			showEnvVarsInLog = 0;
		};
		DC2F9C85DA9EBA1215B5EFC7 /* [CP] Check Pods Manifest.lock */ = {
			isa = PBXShellScriptBuildPhase;
			buildActionMask = 2147483647;
			files = (
			);
			inputPaths = (
				"${PODS_PODFILE_DIR_PATH}/Podfile.lock",
				"${PODS_ROOT}/Manifest.lock",
			);
			name = "[CP] Check Pods Manifest.lock";
			outputPaths = (
				"$(DERIVED_FILE_DIR)/Pods-Gleepads-checkManifestLockResult.txt",
			);
			runOnlyForDeploymentPostprocessing = 0;
			shellPath = /bin/sh;
			shellScript = "diff \"${PODS_PODFILE_DIR_PATH}/Podfile.lock\" \"${PODS_ROOT}/Manifest.lock\" > /dev/null\nif [ $? != 0 ] ; then\n    # print error to STDERR\n    echo \"error: The sandbox is not in sync with the Podfile.lock. Run 'pod install' or update your CocoaPods installation.\" >&2\n    exit 1\nfi\n# This output is used by Xcode 'outputs' to avoid re-running this script phase.\necho \"SUCCESS\" > \"${SCRIPT_OUTPUT_FILE_0}\"\n";
			showEnvVarsInLog = 0;
		};
/* End PBXShellScriptBuildPhase section */

/* Begin PBXSourcesBuildPhase section */
		F2EBBB9120597EA600DD03A9 /* Sources */ = {
			isa = PBXSourcesBuildPhase;
			buildActionMask = 2147483647;
			files = (
				F247B1B22091D6AE00FFF478 /* SearchResultVC.swift in Sources */,
				F2C10253206D262500B4DA6B /* InboxVC.swift in Sources */,
				F29C0580206645B100EC802F /* NotificationVC.swift in Sources */,
				F29C058E2066473F00EC802F /* FeedbackVC.swift in Sources */,
				F25B56BB2094C1C70023406D /* Step2VC.swift in Sources */,
				F29C058A2066471700EC802F /* HelpVC.swift in Sources */,
				F2C10251206D260B00B4DA6B /* SavedVC.swift in Sources */,
				F2330EEB206DF53600D328AA /* TypeOne_CollectionViewCell.swift in Sources */,
				F21B9A47206B7DC400D2A783 /* TripVC.swift in Sources */,
				F29C058C2066472B00EC802F /* HostVC.swift in Sources */,
				F235ACA72073D9A100CD20E6 /* SearchBarVC.swift in Sources */,
				F25B56B92094C1B10023406D /* Step1VC.swift in Sources */,
				F29C0582206645D200EC802F /* InviteVC.swift in Sources */,
				F2EB47A0207E7AD700084652 /* CheckOutVC.swift in Sources */,
				F27B514C20652B0200599F82 /* ProfileVC.swift in Sources */,
				F28D90AF206016FB00AE2A5D /* Custom_View.swift in Sources */,
				F2330EFD206DFFBE00D328AA /* TypeThree_TableCell.swift in Sources */,
				F2DE9D022077C05E00920040 /* ImageScrollVC.swift in Sources */,
				F2EBBB9B20597EA600DD03A9 /* MainVC.swift in Sources */,
				F2203850207DCA2700C7CA4F /* Similar_CollectionCell.swift in Sources */,
				F25815552069542C00045DCF /* NotifySettingSwitchCell.swift in Sources */,
				F29C059F2066660D00EC802F /* HeadingCell.swift in Sources */,
				F226FB7A205A39B100F14CB0 /* Custom_Button.swift in Sources */,
				F2C1024F206D236F00B4DA6B /* ExploreVC.swift in Sources */,
				F29C0588206646FC00EC802F /* SettingVC.swift in Sources */,
				F298C37A20763B1D006E9F09 /* GuestVC.swift in Sources */,
				F2330EF5206DFF8700D328AA /* TypeThree_CollectionViewCell.swift in Sources */,
				F28D9091205FECBA00AE2A5D /* ForgetVC.swift in Sources */,
				F2C1024D206D1D5F00B4DA6B /* testVC.swift in Sources */,
				F29C05A12066702500EC802F /* NotificationSettingVC.swift in Sources */,
				F27B51772065A68E00599F82 /* ButtonTableViewCell.swift in Sources */,
				F28D908F205FE75A00AE2A5D /* SignInVC.swift in Sources */,
				F28D90B32060183C00AE2A5D /* Custom_ImageView.swift in Sources */,
				F201576520752ECB0053F02F /* CalenderVC.swift in Sources */,
				F29C05A92066BC6600EC802F /* LaunchedVC.swift in Sources */,
				F296C30320999176006AD38D /* ImageCollectionCell.swift in Sources */,
				F22991B320989786007D6A5B /* AmentiesVC.swift in Sources */,
				F235ACA52073B51B00CD20E6 /* SearchBar.swift in Sources */,
				F2330EF9206DFFAB00D328AA /* TypeTwo_TableCell.swift in Sources */,
				F2142B85205C1E1100B381E8 /* emailVC.swift in Sources */,
				F2EBBB9920597EA600DD03A9 /* AppDelegate.swift in Sources */,
				F29C0584206645FB00EC802F /* CrediitVC.swift in Sources */,
				F2330EF1206DFF6E00D328AA /* TypeTwo_CollectionViewCell.swift in Sources */,
				F27B51712065960100599F82 /* MiddleTableViewCell.swift in Sources */,
				F2DE9D002077C01D00920040 /* ZGCarousel.swift in Sources */,
				F2942FA9207DF96600B49BC9 /* SendMessageVC.swift in Sources */,
				F2142B83205C064100B381E8 /* NewAccountVC.swift in Sources */,
				F244C810207BC616000316FE /* PropertyBottomView.swift in Sources */,
				F25B56BD2094C1FD0023406D /* Step3VC.swift in Sources */,
				F244C804207BA379000316FE /* PropertyTableVC.swift in Sources */,
				F2351803209A07F600DCDCCA /* checkboxCell.swift in Sources */,
				F29C057D2066417C00EC802F /* InviteTableViewCell.swift in Sources */,
				F26CFC4B206AA88D00A9DD20 /* SearchBarTableViewController.swift in Sources */,
				F2DE9D062077C84300920040 /* imageScrollCell.swift in Sources */,
				F2581551206953FB00045DCF /* NotifySettingLabelCell.swift in Sources */,
				F27B516D206595E700599F82 /* TopTableViewCell.swift in Sources */,
				F2330EE7206DF4FD00D328AA /* TypeOne_TableCell.swift in Sources */,
			);
			runOnlyForDeploymentPostprocessing = 0;
		};
/* End PBXSourcesBuildPhase section */

/* Begin PBXVariantGroup section */
		F2EBBB9C20597EA600DD03A9 /* Main.storyboard */ = {
			isa = PBXVariantGroup;
			children = (
				F2EBBB9D20597EA600DD03A9 /* Base */,
			);
			name = Main.storyboard;
			sourceTree = "<group>";
		};
		F2EBBBA120597EA600DD03A9 /* LaunchScreen.storyboard */ = {
			isa = PBXVariantGroup;
			children = (
				F2EBBBA220597EA600DD03A9 /* Base */,
			);
			name = LaunchScreen.storyboard;
			sourceTree = "<group>";
		};
/* End PBXVariantGroup section */

/* Begin XCBuildConfiguration section */
		F2EBBBA520597EA600DD03A9 /* Debug */ = {
			isa = XCBuildConfiguration;
			buildSettings = {
				ALWAYS_SEARCH_USER_PATHS = NO;
				CLANG_ANALYZER_NONNULL = YES;
				CLANG_ANALYZER_NUMBER_OBJECT_CONVERSION = YES_AGGRESSIVE;
				CLANG_CXX_LANGUAGE_STANDARD = "gnu++14";
				CLANG_CXX_LIBRARY = "libc++";
				CLANG_ENABLE_MODULES = YES;
				CLANG_ENABLE_OBJC_ARC = YES;
				CLANG_WARN_BLOCK_CAPTURE_AUTORELEASING = YES;
				CLANG_WARN_BOOL_CONVERSION = YES;
				CLANG_WARN_COMMA = YES;
				CLANG_WARN_CONSTANT_CONVERSION = YES;
				CLANG_WARN_DIRECT_OBJC_ISA_USAGE = YES_ERROR;
				CLANG_WARN_DOCUMENTATION_COMMENTS = YES;
				CLANG_WARN_EMPTY_BODY = YES;
				CLANG_WARN_ENUM_CONVERSION = YES;
				CLANG_WARN_INFINITE_RECURSION = YES;
				CLANG_WARN_INT_CONVERSION = YES;
				CLANG_WARN_NON_LITERAL_NULL_CONVERSION = YES;
				CLANG_WARN_OBJC_LITERAL_CONVERSION = YES;
				CLANG_WARN_OBJC_ROOT_CLASS = YES_ERROR;
				CLANG_WARN_RANGE_LOOP_ANALYSIS = YES;
				CLANG_WARN_STRICT_PROTOTYPES = YES;
				CLANG_WARN_SUSPICIOUS_MOVE = YES;
				CLANG_WARN_UNGUARDED_AVAILABILITY = YES_AGGRESSIVE;
				CLANG_WARN_UNREACHABLE_CODE = YES;
				CLANG_WARN__DUPLICATE_METHOD_MATCH = YES;
				CODE_SIGN_IDENTITY = "iPhone Developer";
				COPY_PHASE_STRIP = NO;
				DEBUG_INFORMATION_FORMAT = dwarf;
				ENABLE_STRICT_OBJC_MSGSEND = YES;
				ENABLE_TESTABILITY = YES;
				GCC_C_LANGUAGE_STANDARD = gnu11;
				GCC_DYNAMIC_NO_PIC = NO;
				GCC_NO_COMMON_BLOCKS = YES;
				GCC_OPTIMIZATION_LEVEL = 0;
				GCC_PREPROCESSOR_DEFINITIONS = (
					"DEBUG=1",
					"$(inherited)",
				);
				GCC_WARN_64_TO_32_BIT_CONVERSION = YES;
				GCC_WARN_ABOUT_RETURN_TYPE = YES_ERROR;
				GCC_WARN_UNDECLARED_SELECTOR = YES;
				GCC_WARN_UNINITIALIZED_AUTOS = YES_AGGRESSIVE;
				GCC_WARN_UNUSED_FUNCTION = YES;
				GCC_WARN_UNUSED_VARIABLE = YES;
				IPHONEOS_DEPLOYMENT_TARGET = 11.2;
				MTL_ENABLE_DEBUG_INFO = YES;
				ONLY_ACTIVE_ARCH = YES;
				SDKROOT = iphoneos;
				SWIFT_ACTIVE_COMPILATION_CONDITIONS = DEBUG;
				SWIFT_OPTIMIZATION_LEVEL = "-Onone";
			};
			name = Debug;
		};
		F2EBBBA620597EA600DD03A9 /* Release */ = {
			isa = XCBuildConfiguration;
			buildSettings = {
				ALWAYS_SEARCH_USER_PATHS = NO;
				CLANG_ANALYZER_NONNULL = YES;
				CLANG_ANALYZER_NUMBER_OBJECT_CONVERSION = YES_AGGRESSIVE;
				CLANG_CXX_LANGUAGE_STANDARD = "gnu++14";
				CLANG_CXX_LIBRARY = "libc++";
				CLANG_ENABLE_MODULES = YES;
				CLANG_ENABLE_OBJC_ARC = YES;
				CLANG_WARN_BLOCK_CAPTURE_AUTORELEASING = YES;
				CLANG_WARN_BOOL_CONVERSION = YES;
				CLANG_WARN_COMMA = YES;
				CLANG_WARN_CONSTANT_CONVERSION = YES;
				CLANG_WARN_DIRECT_OBJC_ISA_USAGE = YES_ERROR;
				CLANG_WARN_DOCUMENTATION_COMMENTS = YES;
				CLANG_WARN_EMPTY_BODY = YES;
				CLANG_WARN_ENUM_CONVERSION = YES;
				CLANG_WARN_INFINITE_RECURSION = YES;
				CLANG_WARN_INT_CONVERSION = YES;
				CLANG_WARN_NON_LITERAL_NULL_CONVERSION = YES;
				CLANG_WARN_OBJC_LITERAL_CONVERSION = YES;
				CLANG_WARN_OBJC_ROOT_CLASS = YES_ERROR;
				CLANG_WARN_RANGE_LOOP_ANALYSIS = YES;
				CLANG_WARN_STRICT_PROTOTYPES = YES;
				CLANG_WARN_SUSPICIOUS_MOVE = YES;
				CLANG_WARN_UNGUARDED_AVAILABILITY = YES_AGGRESSIVE;
				CLANG_WARN_UNREACHABLE_CODE = YES;
				CLANG_WARN__DUPLICATE_METHOD_MATCH = YES;
				CODE_SIGN_IDENTITY = "iPhone Developer";
				COPY_PHASE_STRIP = NO;
				DEBUG_INFORMATION_FORMAT = "dwarf-with-dsym";
				ENABLE_NS_ASSERTIONS = NO;
				ENABLE_STRICT_OBJC_MSGSEND = YES;
				GCC_C_LANGUAGE_STANDARD = gnu11;
				GCC_NO_COMMON_BLOCKS = YES;
				GCC_WARN_64_TO_32_BIT_CONVERSION = YES;
				GCC_WARN_ABOUT_RETURN_TYPE = YES_ERROR;
				GCC_WARN_UNDECLARED_SELECTOR = YES;
				GCC_WARN_UNINITIALIZED_AUTOS = YES_AGGRESSIVE;
				GCC_WARN_UNUSED_FUNCTION = YES;
				GCC_WARN_UNUSED_VARIABLE = YES;
				IPHONEOS_DEPLOYMENT_TARGET = 11.2;
				MTL_ENABLE_DEBUG_INFO = NO;
				SDKROOT = iphoneos;
				SWIFT_OPTIMIZATION_LEVEL = "-Owholemodule";
				VALIDATE_PRODUCT = YES;
			};
			name = Release;
		};
		F2EBBBA820597EA600DD03A9 /* Debug */ = {
			isa = XCBuildConfiguration;
			baseConfigurationReference = 58E84263B236808B7DA16B8B /* Pods-Gleepads.debug.xcconfig */;
			buildSettings = {
				ASSETCATALOG_COMPILER_APPICON_NAME = AppIcon;
				CODE_SIGN_STYLE = Automatic;
				DEVELOPMENT_TEAM = SUBZ24DP5B;
				INFOPLIST_FILE = Gleepads/Info.plist;
				IPHONEOS_DEPLOYMENT_TARGET = 11.0;
				LD_RUNPATH_SEARCH_PATHS = "$(inherited) @executable_path/Frameworks";
				PRODUCT_BUNDLE_IDENTIFIER = com.perception.Gleepads;
				PRODUCT_NAME = "$(TARGET_NAME)";
				SWIFT_VERSION = 4.0;
				TARGETED_DEVICE_FAMILY = "1,2";
			};
			name = Debug;
		};
		F2EBBBA920597EA600DD03A9 /* Release */ = {
			isa = XCBuildConfiguration;
			baseConfigurationReference = 9ECA5A1A268A109A61342E33 /* Pods-Gleepads.release.xcconfig */;
			buildSettings = {
				ASSETCATALOG_COMPILER_APPICON_NAME = AppIcon;
				CODE_SIGN_STYLE = Automatic;
				DEVELOPMENT_TEAM = SUBZ24DP5B;
				INFOPLIST_FILE = Gleepads/Info.plist;
				IPHONEOS_DEPLOYMENT_TARGET = 11.0;
				LD_RUNPATH_SEARCH_PATHS = "$(inherited) @executable_path/Frameworks";
				PRODUCT_BUNDLE_IDENTIFIER = com.perception.Gleepads;
				PRODUCT_NAME = "$(TARGET_NAME)";
				SWIFT_VERSION = 4.0;
				TARGETED_DEVICE_FAMILY = "1,2";
			};
			name = Release;
		};
/* End XCBuildConfiguration section */

/* Begin XCConfigurationList section */
		F2EBBB9020597EA600DD03A9 /* Build configuration list for PBXProject "Gleepads" */ = {
			isa = XCConfigurationList;
			buildConfigurations = (
				F2EBBBA520597EA600DD03A9 /* Debug */,
				F2EBBBA620597EA600DD03A9 /* Release */,
			);
			defaultConfigurationIsVisible = 0;
			defaultConfigurationName = Release;
		};
		F2EBBBA720597EA600DD03A9 /* Build configuration list for PBXNativeTarget "Gleepads" */ = {
			isa = XCConfigurationList;
			buildConfigurations = (
				F2EBBBA820597EA600DD03A9 /* Debug */,
				F2EBBBA920597EA600DD03A9 /* Release */,
			);
			defaultConfigurationIsVisible = 0;
			defaultConfigurationName = Release;
		};
/* End XCConfigurationList section */
	};
	rootObject = F2EBBB8D20597EA600DD03A9 /* Project object */;
}
