PODS:
  - BubbleTransition (2.0.2)
  - SwiftVideoBackground (3.0.0)

DEPENDENCIES:
  - BubbleTransition
  - SwiftVideoBackground (~> 3.0)

SPEC CHECKSUMS:
  BubbleTransition: 7d98ed7d56f0940e83f350a98103ad473491c769
  SwiftVideoBackground: 15c69b74458ad57f123c52f55a5bf6865eaf4eae

PODFILE CHECKSUM: 668192e9ea3c58e5307b00aa9d8a54f93d56b486

COCOAPODS: 1.3.1
